// !$*UTF8*$!
{
	archiveVersion = 1;
	classes = {
	};
	objectVersion = 46;
	objects = {

/* Begin PBXBuildFile section */
		0207DA581B56EA530066E2B4 /* Images.xcassets in Resources */ = {isa = PBXBuildFile; fileRef = 0207DA571B56EA530066E2B4 /* Images.xcassets */; };
		0D3AF406D19346E4B7C51E14 /* CDVStatusBar.m in Sources */ = {isa = PBXBuildFile; fileRef = 8B252A6730A047AFB40978FB /* CDVStatusBar.m */; };
		13C5A16B65374392B56064ED /* GCDWebServerDataResponse.m in Sources */ = {isa = PBXBuildFile; fileRef = 1E640728BB334BDB8AC5DE63 /* GCDWebServerDataResponse.m */; };
		14E768A357C144049CF060CB /* CDVWKWebViewUIDelegate.m in Sources */ = {isa = PBXBuildFile; fileRef = 79C92E6A676248C697595B2A /* CDVWKWebViewUIDelegate.m */; };
		1D3623260D0F684500981E51 /* AppDelegate.m in Sources */ = {isa = PBXBuildFile; fileRef = 1D3623250D0F684500981E51 /* AppDelegate.m */; };
		1D60589B0D05DD56006BFB54 /* main.m in Sources */ = {isa = PBXBuildFile; fileRef = 29B97316FDCFA39411CA2CEA /* main.m */; };
		24DA38C32363B95700DCA422 /* FBSDKShareKit.framework in Frameworks */ = {isa = PBXBuildFile; fileRef = 24DA38BC2363B95100DCA422 /* FBSDKShareKit.framework */; };
		24DA38C42363B95700DCA422 /* FBSDKCoreKit.framework in Frameworks */ = {isa = PBXBuildFile; fileRef = 24DA38BD2363B95100DCA422 /* FBSDKCoreKit.framework */; };
		24DA38C52363B95700DCA422 /* AccountKit.framework in Frameworks */ = {isa = PBXBuildFile; fileRef = 24DA38BE2363B95400DCA422 /* AccountKit.framework */; };
		24DA38C62363B95700DCA422 /* FBSDKMarketingKit.framework in Frameworks */ = {isa = PBXBuildFile; fileRef = 24DA38BF2363B95500DCA422 /* FBSDKMarketingKit.framework */; };
		24DA38C72363B95700DCA422 /* FBSDKPlacesKit.framework in Frameworks */ = {isa = PBXBuildFile; fileRef = 24DA38C02363B95600DCA422 /* FBSDKPlacesKit.framework */; };
		24DA38C82363B95700DCA422 /* Bolts.framework in Frameworks */ = {isa = PBXBuildFile; fileRef = 24DA38C12363B95600DCA422 /* Bolts.framework */; };
		24DA38C92363B95700DCA422 /* FBSDKLoginKit.framework in Frameworks */ = {isa = PBXBuildFile; fileRef = 24DA38C22363B95700DCA422 /* FBSDKLoginKit.framework */; };
		2614F2B2CB4F404CA9FFAE08 /* GCDWebServerFileResponse.m in Sources */ = {isa = PBXBuildFile; fileRef = 13F6BC3E666A4BEE8F01FB9A /* GCDWebServerFileResponse.m */; };
		2990F67CCE2F46C59076B41B /* GCDWebServerConnection.m in Sources */ = {isa = PBXBuildFile; fileRef = DF777C4404C44D81876E8FE1 /* GCDWebServerConnection.m */; };
		2AF929BFBE6D4043835E9026 /* GCDWebServerResponse.m in Sources */ = {isa = PBXBuildFile; fileRef = 56A1D371EB184F868BE490F4 /* GCDWebServerResponse.m */; };
		301BF552109A68D80062928A /* libCordova.a in Frameworks */ = {isa = PBXBuildFile; fileRef = 301BF535109A57CC0062928A /* libCordova.a */; settings = {ATTRIBUTES = (Required, ); }; };
		302D95F114D2391D003F00A1 /* MainViewController.m in Sources */ = {isa = PBXBuildFile; fileRef = 302D95EF14D2391D003F00A1 /* MainViewController.m */; };
		302D95F214D2391D003F00A1 /* MainViewController.xib in Resources */ = {isa = PBXBuildFile; fileRef = 302D95F014D2391D003F00A1 /* MainViewController.xib */; };
		38DFA190C31540D9AF5FCE1A /* CDVWKProcessPoolFactory.m in Sources */ = {isa = PBXBuildFile; fileRef = 4AE786E1DACD4F1FA8037621 /* CDVWKProcessPoolFactory.m */; };
		40D1473907C0473A9F15C73B /* libz.tbd in Frameworks */ = {isa = PBXBuildFile; fileRef = 1E5860DD526744A086CD6221 /* libz.tbd */; };
		5468EB441CC640C880C26485 /* IONAssetHandler.m in Sources */ = {isa = PBXBuildFile; fileRef = DE47E8AE37934CD7963CEC41 /* IONAssetHandler.m */; };
		5E09CA1C915261A35B22A786 /* libPods-com.piousbox.tgm.a in Frameworks */ = {isa = PBXBuildFile; fileRef = 14C044AFCC3852A0075AB999 /* libPods-com.piousbox.tgm.a */; };
		5F58D26697F44B8992DF0784 /* CDVWKWebViewEngine.m in Sources */ = {isa = PBXBuildFile; fileRef = A203AC3F67564F6181C37623 /* CDVWKWebViewEngine.m */; };
		642E2A74ADA040FC87D6862D /* GCDWebServerErrorResponse.m in Sources */ = {isa = PBXBuildFile; fileRef = 6809525888074A7BA58B882E /* GCDWebServerErrorResponse.m */; };
		6AFF5BF91D6E424B00AB3073 /* CDVLaunchScreen.storyboard in Resources */ = {isa = PBXBuildFile; fileRef = 6AFF5BF81D6E424B00AB3073 /* CDVLaunchScreen.storyboard */; };
		73631CE3A2164A38BA59E3B1 /* CDVViewController+SplashScreen.m in Sources */ = {isa = PBXBuildFile; fileRef = 2796DE532248440E831B8A41 /* CDVViewController+SplashScreen.m */; };
		7B384143305A4474BE4A5F23 /* GCDWebServer.m in Sources */ = {isa = PBXBuildFile; fileRef = 46D206337CA944BD901EE681 /* GCDWebServer.m */; };
		7B3BA8407215451E98536847 /* GCDWebServerRequest.m in Sources */ = {isa = PBXBuildFile; fileRef = EEC5BF0BAEC34AA4BD8B4138 /* GCDWebServerRequest.m */; };
		86C53380A4794979933BD5DB /* CDVSplashScreen.m in Sources */ = {isa = PBXBuildFile; fileRef = 2D57458F9D664FF78ED5F601 /* CDVSplashScreen.m */; };
		8FD0451152AF4B45BA285828 /* LandscapeVideo.m in Sources */ = {isa = PBXBuildFile; fileRef = 8CB6058B76A24E8D9DBFE88B /* LandscapeVideo.m */; };
		9A00189B12AD440A953BC62F /* NativeStorage.m in Sources */ = {isa = PBXBuildFile; fileRef = C697BEC5A5AB4FC4B630D11F /* NativeStorage.m */; };
		9DD407E58241481BB24A2D1E /* GCDWebServerStreamedResponse.m in Sources */ = {isa = PBXBuildFile; fileRef = 9DFEDFCF814D42DAACB1F82A /* GCDWebServerStreamedResponse.m */; };
		A8B4F7EBFF1E4B7C8869D741 /* CDVDevice.m in Sources */ = {isa = PBXBuildFile; fileRef = 57E5A31EA8B143018CFCC510 /* CDVDevice.m */; };
		BB3C47996AE14D2898D34C72 /* GCDWebServerMultiPartFormRequest.m in Sources */ = {isa = PBXBuildFile; fileRef = 1858ADD35E0F40B49C50E95B /* GCDWebServerMultiPartFormRequest.m */; };
		BDF0F1B8BF6640BAB2C33821 /* StreamingMedia.m in Sources */ = {isa = PBXBuildFile; fileRef = 4E54BD7690E54715A786995B /* StreamingMedia.m */; };
		C4E6447102F3406CA56B334F /* PortraitVideo.m in Sources */ = {isa = PBXBuildFile; fileRef = 4298AB6F7E1F4193A41E2D4E /* PortraitVideo.m */; };
		C9ACB4836B164A3FAF9B0D18 /* GCDWebServerURLEncodedFormRequest.m in Sources */ = {isa = PBXBuildFile; fileRef = D2F9D93100384429B7A9BEEA /* GCDWebServerURLEncodedFormRequest.m */; };
		D7B86C0F297A4A129495C7D3 /* MediaPlayer.framework in Frameworks */ = {isa = PBXBuildFile; fileRef = 2B258A0BCD7741A78898CCF0 /* MediaPlayer.framework */; };
		DE053DB55FE943C58F24A727 /* WebKit.framework in Frameworks */ = {isa = PBXBuildFile; fileRef = E564EEC165A841DDA3EA08D4 /* WebKit.framework */; settings = {ATTRIBUTES = (Weak, ); }; };
		E15A1FC620BC4AF99551E9BF /* GCDWebServerDataRequest.m in Sources */ = {isa = PBXBuildFile; fileRef = E0E1CF054E4748E3B9709120 /* GCDWebServerDataRequest.m */; };
		E23C5B250EBF4123A6882197 /* GCDWebServerFileRequest.m in Sources */ = {isa = PBXBuildFile; fileRef = 16B71BDD30E6454C91185DE1 /* GCDWebServerFileRequest.m */; };
		E91EC111C6DE4A22B0DAD927 /* CDVIonicKeyboard.m in Sources */ = {isa = PBXBuildFile; fileRef = B29EA52CF8034D7FBFAADAA8 /* CDVIonicKeyboard.m */; };
		F24E9BDFB2164CD6B5A2FFDF /* GCDWebServerFunctions.m in Sources */ = {isa = PBXBuildFile; fileRef = F74E0CA8D4F449068E94861B /* GCDWebServerFunctions.m */; };
		F81A907620044B16918BF910 /* FacebookConnectPlugin.m in Sources */ = {isa = PBXBuildFile; fileRef = FECCAFC23A1D4A3E8648092F /* FacebookConnectPlugin.m */; };
/* End PBXBuildFile section */

/* Begin PBXContainerItemProxy section */
		301BF534109A57CC0062928A /* PBXContainerItemProxy */ = {
			isa = PBXContainerItemProxy;
			containerPortal = 301BF52D109A57CC0062928A /* CordovaLib.xcodeproj */;
			proxyType = 2;
			remoteGlobalIDString = D2AAC07E0554694100DB518D;
			remoteInfo = CordovaLib;
		};
		301BF550109A68C00062928A /* PBXContainerItemProxy */ = {
			isa = PBXContainerItemProxy;
			containerPortal = 301BF52D109A57CC0062928A /* CordovaLib.xcodeproj */;
			proxyType = 1;
			remoteGlobalIDString = D2AAC07D0554694100DB518D;
			remoteInfo = CordovaLib;
		};
		907D8123214C687600058A10 /* PBXContainerItemProxy */ = {
			isa = PBXContainerItemProxy;
			containerPortal = 301BF52D109A57CC0062928A /* CordovaLib.xcodeproj */;
			proxyType = 2;
			remoteGlobalIDString = C0C01EB21E3911D50056E6CB;
			remoteInfo = Cordova;
		};
/* End PBXContainerItemProxy section */

/* Begin PBXFileReference section */
		0207DA571B56EA530066E2B4 /* Images.xcassets */ = {isa = PBXFileReference; lastKnownFileType = folder.assetcatalog; name = Images.xcassets; path = com.piousbox.tgm/Images.xcassets; sourceTree = SOURCE_ROOT; };
		05B0270FDA7790F281B99FC9 /* Pods-com.piousbox.tgm.release.xcconfig */ = {isa = PBXFileReference; includeInIndex = 1; lastKnownFileType = text.xcconfig; name = "Pods-com.piousbox.tgm.release.xcconfig"; path = "Target Support Files/Pods-com.piousbox.tgm/Pods-com.piousbox.tgm.release.xcconfig"; sourceTree = "<group>"; };
		137050202CCF445B934D6B57 /* GCDWebServerResponse.h */ = {isa = PBXFileReference; explicitFileType = undefined; fileEncoding = 4; includeInIndex = 0; lastKnownFileType = sourcecode.c.h; name = GCDWebServerResponse.h; path = "cordova-plugin-ionic-webview/GCDWebServerResponse.h"; sourceTree = "<group>"; };
		13F6BC3E666A4BEE8F01FB9A /* GCDWebServerFileResponse.m */ = {isa = PBXFileReference; explicitFileType = undefined; fileEncoding = 4; includeInIndex = 0; lastKnownFileType = sourcecode.c.objc; name = GCDWebServerFileResponse.m; path = "cordova-plugin-ionic-webview/GCDWebServerFileResponse.m"; sourceTree = "<group>"; };
		14C044AFCC3852A0075AB999 /* libPods-com.piousbox.tgm.a */ = {isa = PBXFileReference; explicitFileType = archive.ar; includeInIndex = 0; path = "libPods-com.piousbox.tgm.a"; sourceTree = BUILT_PRODUCTS_DIR; };
		16B71BDD30E6454C91185DE1 /* GCDWebServerFileRequest.m */ = {isa = PBXFileReference; explicitFileType = undefined; fileEncoding = 4; includeInIndex = 0; lastKnownFileType = sourcecode.c.objc; name = GCDWebServerFileRequest.m; path = "cordova-plugin-ionic-webview/GCDWebServerFileRequest.m"; sourceTree = "<group>"; };
		1858ADD35E0F40B49C50E95B /* GCDWebServerMultiPartFormRequest.m */ = {isa = PBXFileReference; explicitFileType = undefined; fileEncoding = 4; includeInIndex = 0; lastKnownFileType = sourcecode.c.objc; name = GCDWebServerMultiPartFormRequest.m; path = "cordova-plugin-ionic-webview/GCDWebServerMultiPartFormRequest.m"; sourceTree = "<group>"; };
		19A7757D1C7242D88FF69B5C /* GCDWebServer.h */ = {isa = PBXFileReference; explicitFileType = undefined; fileEncoding = 4; includeInIndex = 0; lastKnownFileType = sourcecode.c.h; name = GCDWebServer.h; path = "cordova-plugin-ionic-webview/GCDWebServer.h"; sourceTree = "<group>"; };
		1D3623240D0F684500981E51 /* AppDelegate.h */ = {isa = PBXFileReference; fileEncoding = 4; lastKnownFileType = sourcecode.c.h; path = AppDelegate.h; sourceTree = "<group>"; };
		1D3623250D0F684500981E51 /* AppDelegate.m */ = {isa = PBXFileReference; fileEncoding = 4; lastKnownFileType = sourcecode.c.objc; path = AppDelegate.m; sourceTree = "<group>"; };
		1D6058910D05DD3D006BFB54 /* com.piousbox.tgm.app */ = {isa = PBXFileReference; explicitFileType = wrapper.application; includeInIndex = 0; path = com.piousbox.tgm.app; sourceTree = BUILT_PRODUCTS_DIR; };
		1E5860DD526744A086CD6221 /* libz.tbd */ = {isa = PBXFileReference; explicitFileType = undefined; fileEncoding = 9; includeInIndex = 0; lastKnownFileType = "sourcecode.text-based-dylib-definition"; name = libz.tbd; path = usr/lib/libz.tbd; sourceTree = SDKROOT; };
		1E640728BB334BDB8AC5DE63 /* GCDWebServerDataResponse.m */ = {isa = PBXFileReference; explicitFileType = undefined; fileEncoding = 4; includeInIndex = 0; lastKnownFileType = sourcecode.c.objc; name = GCDWebServerDataResponse.m; path = "cordova-plugin-ionic-webview/GCDWebServerDataResponse.m"; sourceTree = "<group>"; };
		24DA38BC2363B95100DCA422 /* FBSDKShareKit.framework */ = {isa = PBXFileReference; lastKnownFileType = wrapper.framework; path = FBSDKShareKit.framework; sourceTree = "<group>"; };
		24DA38BD2363B95100DCA422 /* FBSDKCoreKit.framework */ = {isa = PBXFileReference; lastKnownFileType = wrapper.framework; path = FBSDKCoreKit.framework; sourceTree = "<group>"; };
		24DA38BE2363B95400DCA422 /* AccountKit.framework */ = {isa = PBXFileReference; lastKnownFileType = wrapper.framework; path = AccountKit.framework; sourceTree = "<group>"; };
		24DA38BF2363B95500DCA422 /* FBSDKMarketingKit.framework */ = {isa = PBXFileReference; lastKnownFileType = wrapper.framework; path = FBSDKMarketingKit.framework; sourceTree = "<group>"; };
		24DA38C02363B95600DCA422 /* FBSDKPlacesKit.framework */ = {isa = PBXFileReference; lastKnownFileType = wrapper.framework; path = FBSDKPlacesKit.framework; sourceTree = "<group>"; };
		24DA38C12363B95600DCA422 /* Bolts.framework */ = {isa = PBXFileReference; lastKnownFileType = wrapper.framework; path = Bolts.framework; sourceTree = "<group>"; };
		24DA38C22363B95700DCA422 /* FBSDKLoginKit.framework */ = {isa = PBXFileReference; lastKnownFileType = wrapper.framework; path = FBSDKLoginKit.framework; sourceTree = "<group>"; };
		2796DE532248440E831B8A41 /* CDVViewController+SplashScreen.m */ = {isa = PBXFileReference; explicitFileType = undefined; fileEncoding = 4; includeInIndex = 0; lastKnownFileType = sourcecode.c.objc; name = "CDVViewController+SplashScreen.m"; path = "cordova-plugin-splashscreen/CDVViewController+SplashScreen.m"; sourceTree = "<group>"; };
		29B97316FDCFA39411CA2CEA /* main.m */ = {isa = PBXFileReference; fileEncoding = 4; lastKnownFileType = sourcecode.c.objc; path = main.m; sourceTree = "<group>"; };
		2B258A0BCD7741A78898CCF0 /* MediaPlayer.framework */ = {isa = PBXFileReference; explicitFileType = undefined; fileEncoding = 9; includeInIndex = 0; lastKnownFileType = wrapper.framework; name = MediaPlayer.framework; path = System/Library/Frameworks/MediaPlayer.framework; sourceTree = SDKROOT; };
		2D57458F9D664FF78ED5F601 /* CDVSplashScreen.m */ = {isa = PBXFileReference; explicitFileType = undefined; fileEncoding = 4; includeInIndex = 0; lastKnownFileType = sourcecode.c.objc; name = CDVSplashScreen.m; path = "cordova-plugin-splashscreen/CDVSplashScreen.m"; sourceTree = "<group>"; };
		2D74A4D188021B7135B2E658 /* Pods-com.piousbox.tgm.debug.xcconfig */ = {isa = PBXFileReference; includeInIndex = 1; lastKnownFileType = text.xcconfig; name = "Pods-com.piousbox.tgm.debug.xcconfig"; path = "Target Support Files/Pods-com.piousbox.tgm/Pods-com.piousbox.tgm.debug.xcconfig"; sourceTree = "<group>"; };
		2DA7F11809CC460297CDBEBF /* CDVWKWebViewUIDelegate.h */ = {isa = PBXFileReference; explicitFileType = undefined; fileEncoding = 4; includeInIndex = 0; lastKnownFileType = sourcecode.c.h; name = CDVWKWebViewUIDelegate.h; path = "cordova-plugin-ionic-webview/CDVWKWebViewUIDelegate.h"; sourceTree = "<group>"; };
		301BF52D109A57CC0062928A /* CordovaLib.xcodeproj */ = {isa = PBXFileReference; lastKnownFileType = "wrapper.pb-project"; path = CordovaLib/CordovaLib.xcodeproj; sourceTree = "<group>"; };
		301BF56E109A69640062928A /* www */ = {isa = PBXFileReference; lastKnownFileType = folder; path = www; sourceTree = SOURCE_ROOT; };
		302D95EE14D2391D003F00A1 /* MainViewController.h */ = {isa = PBXFileReference; fileEncoding = 4; lastKnownFileType = sourcecode.c.h; path = MainViewController.h; sourceTree = "<group>"; };
		302D95EF14D2391D003F00A1 /* MainViewController.m */ = {isa = PBXFileReference; fileEncoding = 4; lastKnownFileType = sourcecode.c.objc; path = MainViewController.m; sourceTree = "<group>"; };
		302D95F014D2391D003F00A1 /* MainViewController.xib */ = {isa = PBXFileReference; fileEncoding = 4; lastKnownFileType = file.xib; path = MainViewController.xib; sourceTree = "<group>"; };
		3047A50F1AB8059700498E2A /* build-debug.xcconfig */ = {isa = PBXFileReference; fileEncoding = 4; lastKnownFileType = text.xcconfig; name = "build-debug.xcconfig"; path = "cordova/build-debug.xcconfig"; sourceTree = SOURCE_ROOT; };
		3047A5101AB8059700498E2A /* build-release.xcconfig */ = {isa = PBXFileReference; fileEncoding = 4; lastKnownFileType = text.xcconfig; name = "build-release.xcconfig"; path = "cordova/build-release.xcconfig"; sourceTree = SOURCE_ROOT; };
		3047A5111AB8059700498E2A /* build.xcconfig */ = {isa = PBXFileReference; fileEncoding = 4; lastKnownFileType = text.xcconfig; name = build.xcconfig; path = cordova/build.xcconfig; sourceTree = SOURCE_ROOT; };
		31D5834375F3485085B3B865 /* GCDWebServerFileResponse.h */ = {isa = PBXFileReference; explicitFileType = undefined; fileEncoding = 4; includeInIndex = 0; lastKnownFileType = sourcecode.c.h; name = GCDWebServerFileResponse.h; path = "cordova-plugin-ionic-webview/GCDWebServerFileResponse.h"; sourceTree = "<group>"; };
		32CA4F630368D1EE00C91783 /* com.piousbox.tgm-Prefix.pch */ = {isa = PBXFileReference; fileEncoding = 4; lastKnownFileType = sourcecode.c.h; path = "com.piousbox.tgm-Prefix.pch"; sourceTree = "<group>"; };
		3E1A6394442B42C385DDBBCD /* CDVWKWebViewEngine.h */ = {isa = PBXFileReference; explicitFileType = undefined; fileEncoding = 4; includeInIndex = 0; lastKnownFileType = sourcecode.c.h; name = CDVWKWebViewEngine.h; path = "cordova-plugin-ionic-webview/CDVWKWebViewEngine.h"; sourceTree = "<group>"; };
		4298AB6F7E1F4193A41E2D4E /* PortraitVideo.m */ = {isa = PBXFileReference; explicitFileType = undefined; fileEncoding = 4; includeInIndex = 0; lastKnownFileType = sourcecode.c.objc; name = PortraitVideo.m; path = "cordova-plugin-streaming-media/PortraitVideo.m"; sourceTree = "<group>"; };
		46D206337CA944BD901EE681 /* GCDWebServer.m */ = {isa = PBXFileReference; explicitFileType = undefined; fileEncoding = 4; includeInIndex = 0; lastKnownFileType = sourcecode.c.objc; name = GCDWebServer.m; path = "cordova-plugin-ionic-webview/GCDWebServer.m"; sourceTree = "<group>"; };
		49DFC8156B9A4F2F9E9B20D7 /* GCDWebServerConnection.h */ = {isa = PBXFileReference; explicitFileType = undefined; fileEncoding = 4; includeInIndex = 0; lastKnownFileType = sourcecode.c.h; name = GCDWebServerConnection.h; path = "cordova-plugin-ionic-webview/GCDWebServerConnection.h"; sourceTree = "<group>"; };
		4A8EFA7C48D4432FA1B0AB6B /* LandscapeVideo.h */ = {isa = PBXFileReference; explicitFileType = undefined; fileEncoding = 4; includeInIndex = 0; lastKnownFileType = sourcecode.c.h; name = LandscapeVideo.h; path = "cordova-plugin-streaming-media/LandscapeVideo.h"; sourceTree = "<group>"; };
		4AE786E1DACD4F1FA8037621 /* CDVWKProcessPoolFactory.m */ = {isa = PBXFileReference; explicitFileType = undefined; fileEncoding = 4; includeInIndex = 0; lastKnownFileType = sourcecode.c.objc; name = CDVWKProcessPoolFactory.m; path = "cordova-plugin-ionic-webview/CDVWKProcessPoolFactory.m"; sourceTree = "<group>"; };
		4C83CD302C604851925B53C4 /* FacebookConnectPlugin.h */ = {isa = PBXFileReference; explicitFileType = undefined; fileEncoding = 4; includeInIndex = 0; lastKnownFileType = sourcecode.c.h; name = FacebookConnectPlugin.h; path = "cordova-plugin-facebook4/FacebookConnectPlugin.h"; sourceTree = "<group>"; };
		4E54BD7690E54715A786995B /* StreamingMedia.m */ = {isa = PBXFileReference; explicitFileType = undefined; fileEncoding = 4; includeInIndex = 0; lastKnownFileType = sourcecode.c.objc; name = StreamingMedia.m; path = "cordova-plugin-streaming-media/StreamingMedia.m"; sourceTree = "<group>"; };
		4E9C5F2412E643D48E2A8564 /* GCDWebServerFunctions.h */ = {isa = PBXFileReference; explicitFileType = undefined; fileEncoding = 4; includeInIndex = 0; lastKnownFileType = sourcecode.c.h; name = GCDWebServerFunctions.h; path = "cordova-plugin-ionic-webview/GCDWebServerFunctions.h"; sourceTree = "<group>"; };
		56A1D371EB184F868BE490F4 /* GCDWebServerResponse.m */ = {isa = PBXFileReference; explicitFileType = undefined; fileEncoding = 4; includeInIndex = 0; lastKnownFileType = sourcecode.c.objc; name = GCDWebServerResponse.m; path = "cordova-plugin-ionic-webview/GCDWebServerResponse.m"; sourceTree = "<group>"; };
		57E5A31EA8B143018CFCC510 /* CDVDevice.m */ = {isa = PBXFileReference; explicitFileType = undefined; fileEncoding = 4; includeInIndex = 0; lastKnownFileType = sourcecode.c.objc; name = CDVDevice.m; path = "cordova-plugin-device/CDVDevice.m"; sourceTree = "<group>"; };
		5946C778F6E04624AE77D568 /* GCDWebServerRequest.h */ = {isa = PBXFileReference; explicitFileType = undefined; fileEncoding = 4; includeInIndex = 0; lastKnownFileType = sourcecode.c.h; name = GCDWebServerRequest.h; path = "cordova-plugin-ionic-webview/GCDWebServerRequest.h"; sourceTree = "<group>"; };
		5A153AD118A04ABCAF310CAA /* GCDWebServerFileRequest.h */ = {isa = PBXFileReference; explicitFileType = undefined; fileEncoding = 4; includeInIndex = 0; lastKnownFileType = sourcecode.c.h; name = GCDWebServerFileRequest.h; path = "cordova-plugin-ionic-webview/GCDWebServerFileRequest.h"; sourceTree = "<group>"; };
		5CCBF02ADC1241F59B76FB54 /* GCDWebServerStreamedResponse.h */ = {isa = PBXFileReference; explicitFileType = undefined; fileEncoding = 4; includeInIndex = 0; lastKnownFileType = sourcecode.c.h; name = GCDWebServerStreamedResponse.h; path = "cordova-plugin-ionic-webview/GCDWebServerStreamedResponse.h"; sourceTree = "<group>"; };
		5E0FED3EFC7F4695B46346D5 /* CDVWKProcessPoolFactory.h */ = {isa = PBXFileReference; explicitFileType = undefined; fileEncoding = 4; includeInIndex = 0; lastKnownFileType = sourcecode.c.h; name = CDVWKProcessPoolFactory.h; path = "cordova-plugin-ionic-webview/CDVWKProcessPoolFactory.h"; sourceTree = "<group>"; };
		61B2EED3A1114C7FA01F1695 /* CDVViewController+SplashScreen.h */ = {isa = PBXFileReference; explicitFileType = undefined; fileEncoding = 4; includeInIndex = 0; lastKnownFileType = sourcecode.c.h; name = "CDVViewController+SplashScreen.h"; path = "cordova-plugin-splashscreen/CDVViewController+SplashScreen.h"; sourceTree = "<group>"; };
		61C68819D7CA4B4B8C85B8ED /* GCDWebServerURLEncodedFormRequest.h */ = {isa = PBXFileReference; explicitFileType = undefined; fileEncoding = 4; includeInIndex = 0; lastKnownFileType = sourcecode.c.h; name = GCDWebServerURLEncodedFormRequest.h; path = "cordova-plugin-ionic-webview/GCDWebServerURLEncodedFormRequest.h"; sourceTree = "<group>"; };
		6809525888074A7BA58B882E /* GCDWebServerErrorResponse.m */ = {isa = PBXFileReference; explicitFileType = undefined; fileEncoding = 4; includeInIndex = 0; lastKnownFileType = sourcecode.c.objc; name = GCDWebServerErrorResponse.m; path = "cordova-plugin-ionic-webview/GCDWebServerErrorResponse.m"; sourceTree = "<group>"; };
		6AFF5BF81D6E424B00AB3073 /* CDVLaunchScreen.storyboard */ = {isa = PBXFileReference; fileEncoding = 4; lastKnownFileType = file.storyboard; name = CDVLaunchScreen.storyboard; path = com.piousbox.tgm/CDVLaunchScreen.storyboard; sourceTree = SOURCE_ROOT; };
		6CF84499379F46819A91D824 /* CDVDevice.h */ = {isa = PBXFileReference; explicitFileType = undefined; fileEncoding = 4; includeInIndex = 0; lastKnownFileType = sourcecode.c.h; name = CDVDevice.h; path = "cordova-plugin-device/CDVDevice.h"; sourceTree = "<group>"; };
		79C92E6A676248C697595B2A /* CDVWKWebViewUIDelegate.m */ = {isa = PBXFileReference; explicitFileType = undefined; fileEncoding = 4; includeInIndex = 0; lastKnownFileType = sourcecode.c.objc; name = CDVWKWebViewUIDelegate.m; path = "cordova-plugin-ionic-webview/CDVWKWebViewUIDelegate.m"; sourceTree = "<group>"; };
		8090ACDA3F8D443EBA12C08E /* PortraitVideo.h */ = {isa = PBXFileReference; explicitFileType = undefined; fileEncoding = 4; includeInIndex = 0; lastKnownFileType = sourcecode.c.h; name = PortraitVideo.h; path = "cordova-plugin-streaming-media/PortraitVideo.h"; sourceTree = "<group>"; };
		881C0819E6FF42FBAE0BA218 /* GCDWebServerMultiPartFormRequest.h */ = {isa = PBXFileReference; explicitFileType = undefined; fileEncoding = 4; includeInIndex = 0; lastKnownFileType = sourcecode.c.h; name = GCDWebServerMultiPartFormRequest.h; path = "cordova-plugin-ionic-webview/GCDWebServerMultiPartFormRequest.h"; sourceTree = "<group>"; };
		8B252A6730A047AFB40978FB /* CDVStatusBar.m */ = {isa = PBXFileReference; explicitFileType = undefined; fileEncoding = 4; includeInIndex = 0; lastKnownFileType = sourcecode.c.objc; name = CDVStatusBar.m; path = "cordova-plugin-statusbar/CDVStatusBar.m"; sourceTree = "<group>"; };
		8CB6058B76A24E8D9DBFE88B /* LandscapeVideo.m */ = {isa = PBXFileReference; explicitFileType = undefined; fileEncoding = 4; includeInIndex = 0; lastKnownFileType = sourcecode.c.objc; name = LandscapeVideo.m; path = "cordova-plugin-streaming-media/LandscapeVideo.m"; sourceTree = "<group>"; };
		8D1107310486CEB800E47090 /* com.piousbox.tgm-Info.plist */ = {isa = PBXFileReference; fileEncoding = 4; lastKnownFileType = text.plist.xml; name = "com.piousbox.tgm-Info.plist"; path = "com.piousbox.tgm/com.piousbox.tgm-Info.plist"; plistStructureDefinitionIdentifier = "com.apple.xcode.plist.structure-definition.iphone.info-plist"; sourceTree = SOURCE_ROOT; };
		8F8342810C8C4B3D925EA748 /* GCDWebServerHTTPStatusCodes.h */ = {isa = PBXFileReference; explicitFileType = undefined; fileEncoding = 4; includeInIndex = 0; lastKnownFileType = sourcecode.c.h; name = GCDWebServerHTTPStatusCodes.h; path = "cordova-plugin-ionic-webview/GCDWebServerHTTPStatusCodes.h"; sourceTree = "<group>"; };
		915F8DB95332446D9B30DD2C /* GCDWebServerErrorResponse.h */ = {isa = PBXFileReference; explicitFileType = undefined; fileEncoding = 4; includeInIndex = 0; lastKnownFileType = sourcecode.c.h; name = GCDWebServerErrorResponse.h; path = "cordova-plugin-ionic-webview/GCDWebServerErrorResponse.h"; sourceTree = "<group>"; };
		9DFEDFCF814D42DAACB1F82A /* GCDWebServerStreamedResponse.m */ = {isa = PBXFileReference; explicitFileType = undefined; fileEncoding = 4; includeInIndex = 0; lastKnownFileType = sourcecode.c.objc; name = GCDWebServerStreamedResponse.m; path = "cordova-plugin-ionic-webview/GCDWebServerStreamedResponse.m"; sourceTree = "<group>"; };
		A203AC3F67564F6181C37623 /* CDVWKWebViewEngine.m */ = {isa = PBXFileReference; explicitFileType = undefined; fileEncoding = 4; includeInIndex = 0; lastKnownFileType = sourcecode.c.objc; name = CDVWKWebViewEngine.m; path = "cordova-plugin-ionic-webview/CDVWKWebViewEngine.m"; sourceTree = "<group>"; };
		A874174800D949E994E7B04F /* NativeStorage.h */ = {isa = PBXFileReference; explicitFileType = undefined; fileEncoding = 4; includeInIndex = 0; lastKnownFileType = sourcecode.c.h; name = NativeStorage.h; path = "cordova-plugin-nativestorage/NativeStorage.h"; sourceTree = "<group>"; };
		B29EA52CF8034D7FBFAADAA8 /* CDVIonicKeyboard.m */ = {isa = PBXFileReference; explicitFileType = undefined; fileEncoding = 4; includeInIndex = 0; lastKnownFileType = sourcecode.c.objc; name = CDVIonicKeyboard.m; path = "cordova-plugin-ionic-keyboard/CDVIonicKeyboard.m"; sourceTree = "<group>"; };
		B86FDA70C1854F8D9757941A /* StreamingMedia.h */ = {isa = PBXFileReference; explicitFileType = undefined; fileEncoding = 4; includeInIndex = 0; lastKnownFileType = sourcecode.c.h; name = StreamingMedia.h; path = "cordova-plugin-streaming-media/StreamingMedia.h"; sourceTree = "<group>"; };
		C65689A986DE47949B9D022B /* GCDWebServerPrivate.h */ = {isa = PBXFileReference; explicitFileType = undefined; fileEncoding = 4; includeInIndex = 0; lastKnownFileType = sourcecode.c.h; name = GCDWebServerPrivate.h; path = "cordova-plugin-ionic-webview/GCDWebServerPrivate.h"; sourceTree = "<group>"; };
		C697BEC5A5AB4FC4B630D11F /* NativeStorage.m */ = {isa = PBXFileReference; explicitFileType = undefined; fileEncoding = 4; includeInIndex = 0; lastKnownFileType = sourcecode.c.objc; name = NativeStorage.m; path = "cordova-plugin-nativestorage/NativeStorage.m"; sourceTree = "<group>"; };
		D1CF980272F6464DB270558B /* CDVStatusBar.h */ = {isa = PBXFileReference; explicitFileType = undefined; fileEncoding = 4; includeInIndex = 0; lastKnownFileType = sourcecode.c.h; name = CDVStatusBar.h; path = "cordova-plugin-statusbar/CDVStatusBar.h"; sourceTree = "<group>"; };
		D2F9D93100384429B7A9BEEA /* GCDWebServerURLEncodedFormRequest.m */ = {isa = PBXFileReference; explicitFileType = undefined; fileEncoding = 4; includeInIndex = 0; lastKnownFileType = sourcecode.c.objc; name = GCDWebServerURLEncodedFormRequest.m; path = "cordova-plugin-ionic-webview/GCDWebServerURLEncodedFormRequest.m"; sourceTree = "<group>"; };
		D6158FC9A188421CB26073AB /* GCDWebServerDataRequest.h */ = {isa = PBXFileReference; explicitFileType = undefined; fileEncoding = 4; includeInIndex = 0; lastKnownFileType = sourcecode.c.h; name = GCDWebServerDataRequest.h; path = "cordova-plugin-ionic-webview/GCDWebServerDataRequest.h"; sourceTree = "<group>"; };
		DE47E8AE37934CD7963CEC41 /* IONAssetHandler.m */ = {isa = PBXFileReference; explicitFileType = undefined; fileEncoding = 4; includeInIndex = 0; lastKnownFileType = sourcecode.c.objc; name = IONAssetHandler.m; path = "cordova-plugin-ionic-webview/IONAssetHandler.m"; sourceTree = "<group>"; };
		DE9F636530CC401FA879B351 /* CDVSplashScreen.h */ = {isa = PBXFileReference; explicitFileType = undefined; fileEncoding = 4; includeInIndex = 0; lastKnownFileType = sourcecode.c.h; name = CDVSplashScreen.h; path = "cordova-plugin-splashscreen/CDVSplashScreen.h"; sourceTree = "<group>"; };
		DF777C4404C44D81876E8FE1 /* GCDWebServerConnection.m */ = {isa = PBXFileReference; explicitFileType = undefined; fileEncoding = 4; includeInIndex = 0; lastKnownFileType = sourcecode.c.objc; name = GCDWebServerConnection.m; path = "cordova-plugin-ionic-webview/GCDWebServerConnection.m"; sourceTree = "<group>"; };
		E0E1CF054E4748E3B9709120 /* GCDWebServerDataRequest.m */ = {isa = PBXFileReference; explicitFileType = undefined; fileEncoding = 4; includeInIndex = 0; lastKnownFileType = sourcecode.c.objc; name = GCDWebServerDataRequest.m; path = "cordova-plugin-ionic-webview/GCDWebServerDataRequest.m"; sourceTree = "<group>"; };
		E55F3B63A78D43A09264130D /* IONAssetHandler.h */ = {isa = PBXFileReference; explicitFileType = undefined; fileEncoding = 4; includeInIndex = 0; lastKnownFileType = sourcecode.c.h; name = IONAssetHandler.h; path = "cordova-plugin-ionic-webview/IONAssetHandler.h"; sourceTree = "<group>"; };
		E564EEC165A841DDA3EA08D4 /* WebKit.framework */ = {isa = PBXFileReference; explicitFileType = undefined; fileEncoding = 9; includeInIndex = 0; lastKnownFileType = wrapper.framework; name = WebKit.framework; path = System/Library/Frameworks/WebKit.framework; sourceTree = SDKROOT; };
		EB87FDF31871DA8E0020F90C /* www */ = {isa = PBXFileReference; lastKnownFileType = folder; name = www; path = ../../www; sourceTree = "<group>"; };
		EB87FDF41871DAF40020F90C /* config.xml */ = {isa = PBXFileReference; lastKnownFileType = text.xml; name = config.xml; path = ../../config.xml; sourceTree = "<group>"; };
		EBCE978C7A4745CAB09992DD /* CDVIonicKeyboard.h */ = {isa = PBXFileReference; explicitFileType = undefined; fileEncoding = 4; includeInIndex = 0; lastKnownFileType = sourcecode.c.h; name = CDVIonicKeyboard.h; path = "cordova-plugin-ionic-keyboard/CDVIonicKeyboard.h"; sourceTree = "<group>"; };
		ED33DF2A687741AEAF9F8254 /* Bridging-Header.h */ = {isa = PBXFileReference; fileEncoding = 4; lastKnownFileType = sourcecode.c.h; path = "Bridging-Header.h"; sourceTree = "<group>"; };
		EEC5BF0BAEC34AA4BD8B4138 /* GCDWebServerRequest.m */ = {isa = PBXFileReference; explicitFileType = undefined; fileEncoding = 4; includeInIndex = 0; lastKnownFileType = sourcecode.c.objc; name = GCDWebServerRequest.m; path = "cordova-plugin-ionic-webview/GCDWebServerRequest.m"; sourceTree = "<group>"; };
		F6D506BC04DC44A0A8F0C8F9 /* GCDWebServerDataResponse.h */ = {isa = PBXFileReference; explicitFileType = undefined; fileEncoding = 4; includeInIndex = 0; lastKnownFileType = sourcecode.c.h; name = GCDWebServerDataResponse.h; path = "cordova-plugin-ionic-webview/GCDWebServerDataResponse.h"; sourceTree = "<group>"; };
		F74E0CA8D4F449068E94861B /* GCDWebServerFunctions.m */ = {isa = PBXFileReference; explicitFileType = undefined; fileEncoding = 4; includeInIndex = 0; lastKnownFileType = sourcecode.c.objc; name = GCDWebServerFunctions.m; path = "cordova-plugin-ionic-webview/GCDWebServerFunctions.m"; sourceTree = "<group>"; };
		F840E1F0165FE0F500CFE078 /* config.xml */ = {isa = PBXFileReference; lastKnownFileType = text.xml; name = config.xml; path = com.piousbox.tgm/config.xml; sourceTree = "<group>"; };
		FECCAFC23A1D4A3E8648092F /* FacebookConnectPlugin.m */ = {isa = PBXFileReference; explicitFileType = undefined; fileEncoding = 4; includeInIndex = 0; lastKnownFileType = sourcecode.c.objc; name = FacebookConnectPlugin.m; path = "cordova-plugin-facebook4/FacebookConnectPlugin.m"; sourceTree = "<group>"; };
/* End PBXFileReference section */

/* Begin PBXFrameworksBuildPhase section */
		1D60588F0D05DD3D006BFB54 /* Frameworks */ = {
			isa = PBXFrameworksBuildPhase;
			buildActionMask = 2147483647;
			files = (
				301BF552109A68D80062928A /* libCordova.a in Frameworks */,
				24DA38C42363B95700DCA422 /* FBSDKCoreKit.framework in Frameworks */,
				24DA38C52363B95700DCA422 /* AccountKit.framework in Frameworks */,
				24DA38C72363B95700DCA422 /* FBSDKPlacesKit.framework in Frameworks */,
				24DA38C62363B95700DCA422 /* FBSDKMarketingKit.framework in Frameworks */,
				24DA38C82363B95700DCA422 /* Bolts.framework in Frameworks */,
				DE053DB55FE943C58F24A727 /* WebKit.framework in Frameworks */,
				24DA38C32363B95700DCA422 /* FBSDKShareKit.framework in Frameworks */,
				24DA38C92363B95700DCA422 /* FBSDKLoginKit.framework in Frameworks */,
				40D1473907C0473A9F15C73B /* libz.tbd in Frameworks */,
				D7B86C0F297A4A129495C7D3 /* MediaPlayer.framework in Frameworks */,
				5E09CA1C915261A35B22A786 /* libPods-com.piousbox.tgm.a in Frameworks */,
			);
			runOnlyForDeploymentPostprocessing = 0;
		};
/* End PBXFrameworksBuildPhase section */

/* Begin PBXGroup section */
		080E96DDFE201D6D7F000001 /* Classes */ = {
			isa = PBXGroup;
			children = (
				302D95EE14D2391D003F00A1 /* MainViewController.h */,
				302D95EF14D2391D003F00A1 /* MainViewController.m */,
				302D95F014D2391D003F00A1 /* MainViewController.xib */,
				1D3623240D0F684500981E51 /* AppDelegate.h */,
				1D3623250D0F684500981E51 /* AppDelegate.m */,
			);
			name = Classes;
			path = com.piousbox.tgm/Classes;
			sourceTree = SOURCE_ROOT;
		};
		19C28FACFE9D520D11CA2CBB /* Products */ = {
			isa = PBXGroup;
			children = (
				1D6058910D05DD3D006BFB54 /* com.piousbox.tgm.app */,
			);
			name = Products;
			sourceTree = "<group>";
		};
		29B97314FDCFA39411CA2CEA = {
			isa = PBXGroup;
			children = (
				EB87FDF41871DAF40020F90C /* config.xml */,
				EB87FDF31871DA8E0020F90C /* www */,
				EB87FDF11871DA420020F90C /* Staging */,
				301BF52D109A57CC0062928A /* CordovaLib.xcodeproj */,
				080E96DDFE201D6D7F000001 /* Classes */,
				307C750510C5A3420062BCA9 /* Plugins */,
				29B97315FDCFA39411CA2CEA /* Other Sources */,
				29B97317FDCFA39411CA2CEA /* Resources */,
				29B97323FDCFA39411CA2CEA /* Frameworks */,
				19C28FACFE9D520D11CA2CBB /* Products */,
				ADF6C761AF95B7FDCF7008CB /* Pods */,
			);
			name = CustomTemplate;
			sourceTree = "<group>";
		};
		29B97315FDCFA39411CA2CEA /* Other Sources */ = {
			isa = PBXGroup;
			children = (
				32CA4F630368D1EE00C91783 /* com.piousbox.tgm-Prefix.pch */,
				29B97316FDCFA39411CA2CEA /* main.m */,
				ED33DF2A687741AEAF9F8254 /* Bridging-Header.h */,
			);
			name = "Other Sources";
			path = com.piousbox.tgm;
			sourceTree = "<group>";
		};
		29B97317FDCFA39411CA2CEA /* Resources */ = {
			isa = PBXGroup;
			children = (
				0207DA571B56EA530066E2B4 /* Images.xcassets */,
				3047A50E1AB8057F00498E2A /* config */,
				8D1107310486CEB800E47090 /* com.piousbox.tgm-Info.plist */,
				6AFF5BF81D6E424B00AB3073 /* CDVLaunchScreen.storyboard */,
			);
			name = Resources;
			path = com.piousbox.tgm/Resources;
			sourceTree = "<group>";
		};
		29B97323FDCFA39411CA2CEA /* Frameworks */ = {
			isa = PBXGroup;
			children = (
				24DA38BE2363B95400DCA422 /* AccountKit.framework */,
				24DA38C12363B95600DCA422 /* Bolts.framework */,
				24DA38BD2363B95100DCA422 /* FBSDKCoreKit.framework */,
				24DA38C22363B95700DCA422 /* FBSDKLoginKit.framework */,
				24DA38BF2363B95500DCA422 /* FBSDKMarketingKit.framework */,
				24DA38C02363B95600DCA422 /* FBSDKPlacesKit.framework */,
				24DA38BC2363B95100DCA422 /* FBSDKShareKit.framework */,
				E564EEC165A841DDA3EA08D4 /* WebKit.framework */,
				1E5860DD526744A086CD6221 /* libz.tbd */,
				2B258A0BCD7741A78898CCF0 /* MediaPlayer.framework */,
				14C044AFCC3852A0075AB999 /* libPods-com.piousbox.tgm.a */,
			);
			name = Frameworks;
			sourceTree = "<group>";
		};
		301BF52E109A57CC0062928A /* Products */ = {
			isa = PBXGroup;
			children = (
				301BF535109A57CC0062928A /* libCordova.a */,
				907D8124214C687600058A10 /* Cordova.framework */,
			);
			name = Products;
			sourceTree = "<group>";
		};
		3047A50E1AB8057F00498E2A /* config */ = {
			isa = PBXGroup;
			children = (
				3047A50F1AB8059700498E2A /* build-debug.xcconfig */,
				3047A5101AB8059700498E2A /* build-release.xcconfig */,
				3047A5111AB8059700498E2A /* build.xcconfig */,
			);
			name = config;
			sourceTree = "<group>";
		};
		307C750510C5A3420062BCA9 /* Plugins */ = {
			isa = PBXGroup;
			children = (
				57E5A31EA8B143018CFCC510 /* CDVDevice.m */,
				6CF84499379F46819A91D824 /* CDVDevice.h */,
				B29EA52CF8034D7FBFAADAA8 /* CDVIonicKeyboard.m */,
				EBCE978C7A4745CAB09992DD /* CDVIonicKeyboard.h */,
				A203AC3F67564F6181C37623 /* CDVWKWebViewEngine.m */,
				79C92E6A676248C697595B2A /* CDVWKWebViewUIDelegate.m */,
				4AE786E1DACD4F1FA8037621 /* CDVWKProcessPoolFactory.m */,
				DE47E8AE37934CD7963CEC41 /* IONAssetHandler.m */,
				46D206337CA944BD901EE681 /* GCDWebServer.m */,
				DF777C4404C44D81876E8FE1 /* GCDWebServerConnection.m */,
				F74E0CA8D4F449068E94861B /* GCDWebServerFunctions.m */,
				EEC5BF0BAEC34AA4BD8B4138 /* GCDWebServerRequest.m */,
				56A1D371EB184F868BE490F4 /* GCDWebServerResponse.m */,
				E0E1CF054E4748E3B9709120 /* GCDWebServerDataRequest.m */,
				16B71BDD30E6454C91185DE1 /* GCDWebServerFileRequest.m */,
				1858ADD35E0F40B49C50E95B /* GCDWebServerMultiPartFormRequest.m */,
				D2F9D93100384429B7A9BEEA /* GCDWebServerURLEncodedFormRequest.m */,
				1E640728BB334BDB8AC5DE63 /* GCDWebServerDataResponse.m */,
				6809525888074A7BA58B882E /* GCDWebServerErrorResponse.m */,
				13F6BC3E666A4BEE8F01FB9A /* GCDWebServerFileResponse.m */,
				9DFEDFCF814D42DAACB1F82A /* GCDWebServerStreamedResponse.m */,
				3E1A6394442B42C385DDBBCD /* CDVWKWebViewEngine.h */,
				2DA7F11809CC460297CDBEBF /* CDVWKWebViewUIDelegate.h */,
				5E0FED3EFC7F4695B46346D5 /* CDVWKProcessPoolFactory.h */,
				E55F3B63A78D43A09264130D /* IONAssetHandler.h */,
				19A7757D1C7242D88FF69B5C /* GCDWebServer.h */,
				49DFC8156B9A4F2F9E9B20D7 /* GCDWebServerConnection.h */,
				4E9C5F2412E643D48E2A8564 /* GCDWebServerFunctions.h */,
				8F8342810C8C4B3D925EA748 /* GCDWebServerHTTPStatusCodes.h */,
				C65689A986DE47949B9D022B /* GCDWebServerPrivate.h */,
				5946C778F6E04624AE77D568 /* GCDWebServerRequest.h */,
				137050202CCF445B934D6B57 /* GCDWebServerResponse.h */,
				D6158FC9A188421CB26073AB /* GCDWebServerDataRequest.h */,
				5A153AD118A04ABCAF310CAA /* GCDWebServerFileRequest.h */,
				881C0819E6FF42FBAE0BA218 /* GCDWebServerMultiPartFormRequest.h */,
				61C68819D7CA4B4B8C85B8ED /* GCDWebServerURLEncodedFormRequest.h */,
				F6D506BC04DC44A0A8F0C8F9 /* GCDWebServerDataResponse.h */,
				915F8DB95332446D9B30DD2C /* GCDWebServerErrorResponse.h */,
				31D5834375F3485085B3B865 /* GCDWebServerFileResponse.h */,
				5CCBF02ADC1241F59B76FB54 /* GCDWebServerStreamedResponse.h */,
				C697BEC5A5AB4FC4B630D11F /* NativeStorage.m */,
				A874174800D949E994E7B04F /* NativeStorage.h */,
				2D57458F9D664FF78ED5F601 /* CDVSplashScreen.m */,
				2796DE532248440E831B8A41 /* CDVViewController+SplashScreen.m */,
				DE9F636530CC401FA879B351 /* CDVSplashScreen.h */,
				61B2EED3A1114C7FA01F1695 /* CDVViewController+SplashScreen.h */,
				8B252A6730A047AFB40978FB /* CDVStatusBar.m */,
				D1CF980272F6464DB270558B /* CDVStatusBar.h */,
				4E54BD7690E54715A786995B /* StreamingMedia.m */,
				8CB6058B76A24E8D9DBFE88B /* LandscapeVideo.m */,
				4298AB6F7E1F4193A41E2D4E /* PortraitVideo.m */,
				B86FDA70C1854F8D9757941A /* StreamingMedia.h */,
				4A8EFA7C48D4432FA1B0AB6B /* LandscapeVideo.h */,
				8090ACDA3F8D443EBA12C08E /* PortraitVideo.h */,
				FECCAFC23A1D4A3E8648092F /* FacebookConnectPlugin.m */,
				4C83CD302C604851925B53C4 /* FacebookConnectPlugin.h */,
			);
			name = Plugins;
			path = com.piousbox.tgm/Plugins;
			sourceTree = SOURCE_ROOT;
		};
		ADF6C761AF95B7FDCF7008CB /* Pods */ = {
			isa = PBXGroup;
			children = (
				2D74A4D188021B7135B2E658 /* Pods-com.piousbox.tgm.debug.xcconfig */,
				05B0270FDA7790F281B99FC9 /* Pods-com.piousbox.tgm.release.xcconfig */,
			);
			name = Pods;
			path = Pods;
			sourceTree = "<group>";
		};
		EB87FDF11871DA420020F90C /* Staging */ = {
			isa = PBXGroup;
			children = (
				F840E1F0165FE0F500CFE078 /* config.xml */,
				301BF56E109A69640062928A /* www */,
			);
			name = Staging;
			sourceTree = "<group>";
		};
/* End PBXGroup section */

/* Begin PBXNativeTarget section */
		1D6058900D05DD3D006BFB54 /* com.piousbox.tgm */ = {
			isa = PBXNativeTarget;
			buildConfigurationList = 1D6058960D05DD3E006BFB54 /* Build configuration list for PBXNativeTarget "com.piousbox.tgm" */;
			buildPhases = (
				8C77041CA2CCF2AAF5ECFD09 /* [CP] Check Pods Manifest.lock */,
				304B58A110DAC018002A0835 /* Copy www directory */,
				1D60588D0D05DD3D006BFB54 /* Resources */,
				1D60588E0D05DD3D006BFB54 /* Sources */,
				1D60588F0D05DD3D006BFB54 /* Frameworks */,
			);
			buildRules = (
			);
			dependencies = (
				301BF551109A68C00062928A /* PBXTargetDependency */,
			);
			name = com.piousbox.tgm;
			productName = com.piousbox.tgm;
			productReference = 1D6058910D05DD3D006BFB54 /* com.piousbox.tgm.app */;
			productType = "com.apple.product-type.application";
		};
/* End PBXNativeTarget section */

/* Begin PBXProject section */
		29B97313FDCFA39411CA2CEA /* Project object */ = {
			isa = PBXProject;
			attributes = {
				LastUpgradeCheck = 510;
				TargetAttributes = {
					1D6058900D05DD3D006BFB54 = {
						DevelopmentTeam = BLTMUSG4HD;
						ProvisioningStyle = Automatic;
					};
				};
			};
			buildConfigurationList = C01FCF4E08A954540054247B /* Build configuration list for PBXProject "com.piousbox.tgm" */;
			compatibilityVersion = "Xcode 3.2";
			developmentRegion = English;
			hasScannedForEncodings = 1;
			knownRegions = (
				English,
				en,
				Base,
			);
			mainGroup = 29B97314FDCFA39411CA2CEA;
			productRefGroup = 19C28FACFE9D520D11CA2CBB /* Products */;
			projectDirPath = "";
			projectReferences = (
				{
					ProductGroup = 301BF52E109A57CC0062928A /* Products */;
					ProjectRef = 301BF52D109A57CC0062928A /* CordovaLib.xcodeproj */;
				},
			);
			projectRoot = "";
			targets = (
				1D6058900D05DD3D006BFB54 /* com.piousbox.tgm */,
			);
		};
/* End PBXProject section */

/* Begin PBXReferenceProxy section */
		301BF535109A57CC0062928A /* libCordova.a */ = {
			isa = PBXReferenceProxy;
			fileType = archive.ar;
			path = libCordova.a;
			remoteRef = 301BF534109A57CC0062928A /* PBXContainerItemProxy */;
			sourceTree = BUILT_PRODUCTS_DIR;
		};
		907D8124214C687600058A10 /* Cordova.framework */ = {
			isa = PBXReferenceProxy;
			fileType = wrapper.framework;
			path = Cordova.framework;
			remoteRef = 907D8123214C687600058A10 /* PBXContainerItemProxy */;
			sourceTree = BUILT_PRODUCTS_DIR;
		};
/* End PBXReferenceProxy section */

/* Begin PBXResourcesBuildPhase section */
		1D60588D0D05DD3D006BFB54 /* Resources */ = {
			isa = PBXResourcesBuildPhase;
			buildActionMask = 2147483647;
			files = (
				302D95F214D2391D003F00A1 /* MainViewController.xib in Resources */,
				0207DA581B56EA530066E2B4 /* Images.xcassets in Resources */,
				6AFF5BF91D6E424B00AB3073 /* CDVLaunchScreen.storyboard in Resources */,
			);
			runOnlyForDeploymentPostprocessing = 0;
		};
/* End PBXResourcesBuildPhase section */

/* Begin PBXShellScriptBuildPhase section */
		304B58A110DAC018002A0835 /* Copy www directory */ = {
			isa = PBXShellScriptBuildPhase;
			buildActionMask = 2147483647;
			files = (
			);
			inputPaths = (
			);
			name = "Copy www directory";
			outputPaths = (
			);
			runOnlyForDeploymentPostprocessing = 0;
			shellPath = /bin/sh;
			shellScript = "NODEJS_PATH=/usr/local/bin; NVM_NODE_PATH=~/.nvm/versions/node/`nvm version 2>/dev/null`/bin; N_NODE_PATH=`find /usr/local/n/versions/node/* -maxdepth 0 -type d 2>/dev/null | tail -1`/bin; XCODE_NODE_PATH=`xcode-select --print-path`/usr/share/xcs/Node/bin; PATH=$NODEJS_PATH:$NVM_NODE_PATH:$N_NODE_PATH:$XCODE_NODE_PATH:$PATH && node cordova/lib/copy-www-build-step.js";
			showEnvVarsInLog = 0;
		};
		8C77041CA2CCF2AAF5ECFD09 /* [CP] Check Pods Manifest.lock */ = {
			isa = PBXShellScriptBuildPhase;
			buildActionMask = 2147483647;
			files = (
			);
			inputFileListPaths = (
			);
			inputPaths = (
				"${PODS_PODFILE_DIR_PATH}/Podfile.lock",
				"${PODS_ROOT}/Manifest.lock",
			);
			name = "[CP] Check Pods Manifest.lock";
			outputFileListPaths = (
			);
			outputPaths = (
				"$(DERIVED_FILE_DIR)/Pods-com.piousbox.tgm-checkManifestLockResult.txt",
			);
			runOnlyForDeploymentPostprocessing = 0;
			shellPath = /bin/sh;
			shellScript = "diff \"${PODS_PODFILE_DIR_PATH}/Podfile.lock\" \"${PODS_ROOT}/Manifest.lock\" > /dev/null\nif [ $? != 0 ] ; then\n    # print error to STDERR\n    echo \"error: The sandbox is not in sync with the Podfile.lock. Run 'pod install' or update your CocoaPods installation.\" >&2\n    exit 1\nfi\n# This output is used by Xcode 'outputs' to avoid re-running this script phase.\necho \"SUCCESS\" > \"${SCRIPT_OUTPUT_FILE_0}\"\n";
			showEnvVarsInLog = 0;
		};
/* End PBXShellScriptBuildPhase section */

/* Begin PBXSourcesBuildPhase section */
		1D60588E0D05DD3D006BFB54 /* Sources */ = {
			isa = PBXSourcesBuildPhase;
			buildActionMask = 2147483647;
			files = (
				1D60589B0D05DD56006BFB54 /* main.m in Sources */,
				1D3623260D0F684500981E51 /* AppDelegate.m in Sources */,
				302D95F114D2391D003F00A1 /* MainViewController.m in Sources */,
				A8B4F7EBFF1E4B7C8869D741 /* CDVDevice.m in Sources */,
				E91EC111C6DE4A22B0DAD927 /* CDVIonicKeyboard.m in Sources */,
				5F58D26697F44B8992DF0784 /* CDVWKWebViewEngine.m in Sources */,
				14E768A357C144049CF060CB /* CDVWKWebViewUIDelegate.m in Sources */,
				38DFA190C31540D9AF5FCE1A /* CDVWKProcessPoolFactory.m in Sources */,
				5468EB441CC640C880C26485 /* IONAssetHandler.m in Sources */,
				7B384143305A4474BE4A5F23 /* GCDWebServer.m in Sources */,
				2990F67CCE2F46C59076B41B /* GCDWebServerConnection.m in Sources */,
				F24E9BDFB2164CD6B5A2FFDF /* GCDWebServerFunctions.m in Sources */,
				7B3BA8407215451E98536847 /* GCDWebServerRequest.m in Sources */,
				2AF929BFBE6D4043835E9026 /* GCDWebServerResponse.m in Sources */,
				E15A1FC620BC4AF99551E9BF /* GCDWebServerDataRequest.m in Sources */,
				E23C5B250EBF4123A6882197 /* GCDWebServerFileRequest.m in Sources */,
				BB3C47996AE14D2898D34C72 /* GCDWebServerMultiPartFormRequest.m in Sources */,
				C9ACB4836B164A3FAF9B0D18 /* GCDWebServerURLEncodedFormRequest.m in Sources */,
				13C5A16B65374392B56064ED /* GCDWebServerDataResponse.m in Sources */,
				642E2A74ADA040FC87D6862D /* GCDWebServerErrorResponse.m in Sources */,
				2614F2B2CB4F404CA9FFAE08 /* GCDWebServerFileResponse.m in Sources */,
				9DD407E58241481BB24A2D1E /* GCDWebServerStreamedResponse.m in Sources */,
				9A00189B12AD440A953BC62F /* NativeStorage.m in Sources */,
				86C53380A4794979933BD5DB /* CDVSplashScreen.m in Sources */,
				73631CE3A2164A38BA59E3B1 /* CDVViewController+SplashScreen.m in Sources */,
				0D3AF406D19346E4B7C51E14 /* CDVStatusBar.m in Sources */,
				BDF0F1B8BF6640BAB2C33821 /* StreamingMedia.m in Sources */,
				8FD0451152AF4B45BA285828 /* LandscapeVideo.m in Sources */,
				C4E6447102F3406CA56B334F /* PortraitVideo.m in Sources */,
				F81A907620044B16918BF910 /* FacebookConnectPlugin.m in Sources */,
			);
			runOnlyForDeploymentPostprocessing = 0;
		};
/* End PBXSourcesBuildPhase section */

/* Begin PBXTargetDependency section */
		301BF551109A68C00062928A /* PBXTargetDependency */ = {
			isa = PBXTargetDependency;
			name = CordovaLib;
			targetProxy = 301BF550109A68C00062928A /* PBXContainerItemProxy */;
		};
/* End PBXTargetDependency section */

/* Begin XCBuildConfiguration section */
		1D6058940D05DD3E006BFB54 /* Debug */ = {
			isa = XCBuildConfiguration;
			baseConfigurationReference = 3047A50F1AB8059700498E2A /* build-debug.xcconfig */;
			buildSettings = {
				ALWAYS_SEARCH_USER_PATHS = NO;
				ASSETCATALOG_COMPILER_APPICON_NAME = AppIcon;
				ASSETCATALOG_COMPILER_LAUNCHIMAGE_NAME = LaunchImage;
				CLANG_ENABLE_MODULES = YES;
				CLANG_ENABLE_OBJC_ARC = YES;
				COPY_PHASE_STRIP = NO;
				DEVELOPMENT_TEAM = BLTMUSG4HD;
				FRAMEWORK_SEARCH_PATHS = (
					"$(inherited)",
					"$(PROJECT_DIR)",
					"~/Documents/FacebookSDK",
				);
				GCC_DYNAMIC_NO_PIC = NO;
				GCC_OPTIMIZATION_LEVEL = 0;
				GCC_PRECOMPILE_PREFIX_HEADER = YES;
				GCC_PREFIX_HEADER = "com.piousbox.tgm/com.piousbox.tgm-Prefix.pch";
				GCC_THUMB_SUPPORT = NO;
				GCC_VERSION = "";
				INFOPLIST_FILE = "com.piousbox.tgm/com.piousbox.tgm-Info.plist";
				IPHONEOS_DEPLOYMENT_TARGET = 10.0;
				LD_RUNPATH_SEARCH_PATHS = "@executable_path/Frameworks";
				PRODUCT_BUNDLE_IDENTIFIER = com.piousbox.tgm;
				PRODUCT_NAME = "$(TARGET_NAME)";
				TARGETED_DEVICE_FAMILY = "1,2";
			};
			name = Debug;
		};
		1D6058950D05DD3E006BFB54 /* Release */ = {
			isa = XCBuildConfiguration;
			baseConfigurationReference = 3047A5101AB8059700498E2A /* build-release.xcconfig */;
			buildSettings = {
				ALWAYS_SEARCH_USER_PATHS = NO;
				ASSETCATALOG_COMPILER_APPICON_NAME = AppIcon;
				ASSETCATALOG_COMPILER_LAUNCHIMAGE_NAME = LaunchImage;
				CLANG_ENABLE_MODULES = YES;
				CLANG_ENABLE_OBJC_ARC = YES;
				COPY_PHASE_STRIP = YES;
				FRAMEWORK_SEARCH_PATHS = (
					"$(inherited)",
					"$(PROJECT_DIR)",
					"~/Documents/FacebookSDK",
				);
				GCC_PRECOMPILE_PREFIX_HEADER = YES;
				GCC_PREFIX_HEADER = "com.piousbox.tgm/com.piousbox.tgm-Prefix.pch";
				GCC_THUMB_SUPPORT = NO;
				GCC_VERSION = "";
				INFOPLIST_FILE = "com.piousbox.tgm/com.piousbox.tgm-Info.plist";
				IPHONEOS_DEPLOYMENT_TARGET = 10.0;
				LD_RUNPATH_SEARCH_PATHS = "@executable_path/Frameworks";
				PRODUCT_BUNDLE_IDENTIFIER = com.piousbox.tgm;
				PRODUCT_NAME = "$(TARGET_NAME)";
				TARGETED_DEVICE_FAMILY = "1,2";
			};
			name = Release;
		};
		C01FCF4F08A954540054247B /* Debug */ = {
			isa = XCBuildConfiguration;
			baseConfigurationReference = 3047A5111AB8059700498E2A /* build.xcconfig */;
			buildSettings = {
				CLANG_ENABLE_MODULES = YES;
				CLANG_ENABLE_OBJC_ARC = YES;
				CLANG_WARN_BLOCK_CAPTURE_AUTORELEASING = YES;
				CLANG_WARN_BOOL_CONVERSION = YES;
				CLANG_WARN_COMMA = YES;
				CLANG_WARN_CONSTANT_CONVERSION = YES;
				CLANG_WARN_DEPRECATED_OBJC_IMPLEMENTATIONS = YES;
				CLANG_WARN_EMPTY_BODY = YES;
				CLANG_WARN_ENUM_CONVERSION = YES;
				CLANG_WARN_INFINITE_RECURSION = YES;
				CLANG_WARN_INT_CONVERSION = YES;
				CLANG_WARN_NON_LITERAL_NULL_CONVERSION = YES;
				CLANG_WARN_OBJC_IMPLICIT_RETAIN_SELF = YES;
				CLANG_WARN_OBJC_LITERAL_CONVERSION = YES;
				CLANG_WARN_RANGE_LOOP_ANALYSIS = YES;
				CLANG_WARN_STRICT_PROTOTYPES = YES;
				CLANG_WARN_SUSPICIOUS_MOVE = YES;
				CLANG_WARN_UNREACHABLE_CODE = YES;
				CLANG_WARN__DUPLICATE_METHOD_MATCH = YES;
				ENABLE_STRICT_OBJC_MSGSEND = YES;
				ENABLE_TESTABILITY = YES;
				GCC_C_LANGUAGE_STANDARD = c99;
				GCC_NO_COMMON_BLOCKS = YES;
				GCC_THUMB_SUPPORT = NO;
				GCC_VERSION = "";
				GCC_WARN_64_TO_32_BIT_CONVERSION = YES;
				GCC_WARN_ABOUT_RETURN_TYPE = YES;
				GCC_WARN_UNDECLARED_SELECTOR = YES;
				GCC_WARN_UNINITIALIZED_AUTOS = YES;
				GCC_WARN_UNUSED_FUNCTION = YES;
				GCC_WARN_UNUSED_VARIABLE = YES;
				ONLY_ACTIVE_ARCH = YES;
				PRODUCT_BUNDLE_IDENTIFIER = com.piousbox.tgm;
				SDKROOT = iphoneos;
				SKIP_INSTALL = NO;
			};
			name = Debug;
		};
		C01FCF5008A954540054247B /* Release */ = {
			isa = XCBuildConfiguration;
			baseConfigurationReference = 3047A5111AB8059700498E2A /* build.xcconfig */;
			buildSettings = {
				CLANG_ENABLE_MODULES = YES;
				CLANG_ENABLE_OBJC_ARC = YES;
				CLANG_WARN_BLOCK_CAPTURE_AUTORELEASING = YES;
				CLANG_WARN_BOOL_CONVERSION = YES;
				CLANG_WARN_COMMA = YES;
				CLANG_WARN_CONSTANT_CONVERSION = YES;
				CLANG_WARN_DEPRECATED_OBJC_IMPLEMENTATIONS = YES;
				CLANG_WARN_EMPTY_BODY = YES;
				CLANG_WARN_ENUM_CONVERSION = YES;
				CLANG_WARN_INFINITE_RECURSION = YES;
				CLANG_WARN_INT_CONVERSION = YES;
				CLANG_WARN_NON_LITERAL_NULL_CONVERSION = YES;
				CLANG_WARN_OBJC_IMPLICIT_RETAIN_SELF = YES;
				CLANG_WARN_OBJC_LITERAL_CONVERSION = YES;
				CLANG_WARN_RANGE_LOOP_ANALYSIS = YES;
				CLANG_WARN_STRICT_PROTOTYPES = YES;
				CLANG_WARN_SUSPICIOUS_MOVE = YES;
				CLANG_WARN_UNREACHABLE_CODE = YES;
				CLANG_WARN__DUPLICATE_METHOD_MATCH = YES;
				ENABLE_STRICT_OBJC_MSGSEND = YES;
				GCC_C_LANGUAGE_STANDARD = c99;
				GCC_NO_COMMON_BLOCKS = YES;
				GCC_THUMB_SUPPORT = NO;
				GCC_VERSION = "";
				GCC_WARN_64_TO_32_BIT_CONVERSION = YES;
				GCC_WARN_ABOUT_RETURN_TYPE = YES;
				GCC_WARN_UNDECLARED_SELECTOR = YES;
				GCC_WARN_UNINITIALIZED_AUTOS = YES;
				GCC_WARN_UNUSED_FUNCTION = YES;
				GCC_WARN_UNUSED_VARIABLE = YES;
				PRODUCT_BUNDLE_IDENTIFIER = com.piousbox.tgm;
				SDKROOT = iphoneos;
				SKIP_INSTALL = NO;
			};
			name = Release;
		};
/* End XCBuildConfiguration section */

/* Begin XCConfigurationList section */
		1D6058960D05DD3E006BFB54 /* Build configuration list for PBXNativeTarget "com.piousbox.tgm" */ = {
			isa = XCConfigurationList;
			buildConfigurations = (
				1D6058940D05DD3E006BFB54 /* Debug */,
				1D6058950D05DD3E006BFB54 /* Release */,
			);
			defaultConfigurationIsVisible = 0;
			defaultConfigurationName = Release;
		};
		C01FCF4E08A954540054247B /* Build configuration list for PBXProject "com.piousbox.tgm" */ = {
			isa = XCConfigurationList;
			buildConfigurations = (
				C01FCF4F08A954540054247B /* Debug */,
				C01FCF5008A954540054247B /* Release */,
			);
			defaultConfigurationIsVisible = 0;
			defaultConfigurationName = Release;
		};
/* End XCConfigurationList section */
	};
	rootObject = 29B97313FDCFA39411CA2CEA /* Project object */;
}
