// !$*UTF8*$!
{
	archiveVersion = 1;
	classes = {
	};
	objectVersion = 46;
	objects = {

/* Begin PBXBuildFile section */
		0207DA581B56EA530066E2B4 /* Images.xcassets in Resources */ = {isa = PBXBuildFile; fileRef = 0207DA571B56EA530066E2B4 /* Images.xcassets */; };
		19D022B34ECC465EB4E6AB54 /* CDVIonicKeyboard.m in Sources */ = {isa = PBXBuildFile; fileRef = D6C38D48B87D48CBAA1AE873 /* CDVIonicKeyboard.m */; };
		1A74DCBD13A44B50A1FEB5A7 /* StreamingMedia.m in Sources */ = {isa = PBXBuildFile; fileRef = FE8FC324C63E4C328F750E65 /* StreamingMedia.m */; };
		1D3623260D0F684500981E51 /* AppDelegate.m in Sources */ = {isa = PBXBuildFile; fileRef = 1D3623250D0F684500981E51 /* AppDelegate.m */; };
		1D60589B0D05DD56006BFB54 /* main.m in Sources */ = {isa = PBXBuildFile; fileRef = 29B97316FDCFA39411CA2CEA /* main.m */; };
		2289424C1E134B89A26C493D /* LandscapeVideo.m in Sources */ = {isa = PBXBuildFile; fileRef = A7FCA2C95A2C4D4295050EA6 /* LandscapeVideo.m */; };
		26B9EBEB2C1644EDA94AEC59 /* SystemConfiguration.framework in Frameworks */ = {isa = PBXBuildFile; fileRef = 7C531EC827344D54B8EA9B68 /* SystemConfiguration.framework */; settings = {ATTRIBUTES = (Weak, ); }; };
		2C7568AC318A457F90BD0F2D /* GCDWebServerConnection.m in Sources */ = {isa = PBXBuildFile; fileRef = 0C6FF102D1834867B1BA6534 /* GCDWebServerConnection.m */; };
		2F9A62922E2C4A3CAED1C743 /* WebKit.framework in Frameworks */ = {isa = PBXBuildFile; fileRef = FB13B0D2BCA04749A0F7A868 /* WebKit.framework */; settings = {ATTRIBUTES = (Weak, ); }; };
		301BF552109A68D80062928A /* libCordova.a in Frameworks */ = {isa = PBXBuildFile; fileRef = 301BF535109A57CC0062928A /* libCordova.a */; };
		302D95F114D2391D003F00A1 /* MainViewController.m in Sources */ = {isa = PBXBuildFile; fileRef = 302D95EF14D2391D003F00A1 /* MainViewController.m */; };
		302D95F214D2391D003F00A1 /* MainViewController.xib in Resources */ = {isa = PBXBuildFile; fileRef = 302D95F014D2391D003F00A1 /* MainViewController.xib */; };
		36A2E9BC40C54B63B304F588 /* GooglePlus.m in Sources */ = {isa = PBXBuildFile; fileRef = 9482F0EF3EF649438A3937C3 /* GooglePlus.m */; };
		378693AB42F04E1487E891BD /* GCDWebServerMultiPartFormRequest.m in Sources */ = {isa = PBXBuildFile; fileRef = 992C551C9AF748A3B82AA847 /* GCDWebServerMultiPartFormRequest.m */; };
		3AEFC3C1E78546C680CF06BA /* SafariServices.framework in Frameworks */ = {isa = PBXBuildFile; fileRef = 7B28A33260294813A38313DA /* SafariServices.framework */; settings = {ATTRIBUTES = (Weak, ); }; };
		470CF973483946B7825CEEE8 /* GCDWebServerFileRequest.m in Sources */ = {isa = PBXBuildFile; fileRef = 316893B10BEA4B3B9169BC64 /* GCDWebServerFileRequest.m */; };
		4756777C525048C58812F6A7 /* Bolts.framework in Frameworks */ = {isa = PBXBuildFile; fileRef = 84EF0F92BEC147B2BFBC2CA3 /* Bolts.framework */; };
		4D66603B6AF44FF591A70835 /* FacebookConnectPlugin.m in Sources */ = {isa = PBXBuildFile; fileRef = 2B40C7F079494580874A01FB /* FacebookConnectPlugin.m */; };
		59C55C5C4C854892AFD579A4 /* CoreText.framework in Frameworks */ = {isa = PBXBuildFile; fileRef = F471BC3432674235AF356BF2 /* CoreText.framework */; settings = {ATTRIBUTES = (Weak, ); }; };
		62A97EE040D549C1B3183819 /* MediaPlayer.framework in Frameworks */ = {isa = PBXBuildFile; fileRef = F32454068A3043EDB59B4A6D /* MediaPlayer.framework */; };
		673BA0535B784FA7B2E3F56E /* GoogleSignIn.framework in Frameworks */ = {isa = PBXBuildFile; fileRef = 6EE459E048384D79B36F84AD /* GoogleSignIn.framework */; };
		6AFF5BF91D6E424B00AB3073 /* CDVLaunchScreen.storyboard in Resources */ = {isa = PBXBuildFile; fileRef = 6AFF5BF81D6E424B00AB3073 /* CDVLaunchScreen.storyboard */; };
		706D9C16F1C84505A0C9EE34 /* AddressBook.framework in Frameworks */ = {isa = PBXBuildFile; fileRef = 461B8EADEF5E426EB8BC8922 /* AddressBook.framework */; settings = {ATTRIBUTES = (Weak, ); }; };
		71EA0B0A47DF40F18DDAE353 /* GCDWebServerFunctions.m in Sources */ = {isa = PBXBuildFile; fileRef = 1ADFAA6A23DC41AFAC73C089 /* GCDWebServerFunctions.m */; };
		71F6EC98DBE64A049600C012 /* libz.dylib in Frameworks */ = {isa = PBXBuildFile; fileRef = CADFBAEE42FE4D7EA381607D /* libz.dylib */; settings = {ATTRIBUTES = (Weak, ); }; };
		7348FEBE722E44DCBB8B7E08 /* FBSDKCoreKit.framework in Frameworks */ = {isa = PBXBuildFile; fileRef = B696A318240F40639471ECE7 /* FBSDKCoreKit.framework */; };
		7B60838B1ECD4124B909E4CF /* GCDWebServerURLEncodedFormRequest.m in Sources */ = {isa = PBXBuildFile; fileRef = BBD73061B05540B2B0C93B84 /* GCDWebServerURLEncodedFormRequest.m */; };
		8113764CFCA44570BC9E1885 /* CDVSplashScreen.m in Sources */ = {isa = PBXBuildFile; fileRef = 05B930D7E9DD4B49B9E8800B /* CDVSplashScreen.m */; };
		84A3789FCB0C45788F48BD0E /* FBSDKShareKit.framework in Frameworks */ = {isa = PBXBuildFile; fileRef = 453025241D6C426C829B9DC3 /* FBSDKShareKit.framework */; };
		8685531E75BB4D009394AAED /* GoogleAppUtilities.framework in Frameworks */ = {isa = PBXBuildFile; fileRef = 38335F5A5C8A488CB3C7D0F1 /* GoogleAppUtilities.framework */; };
		88E7FF6509DB4FFE8F0D0BB2 /* GCDWebServerDataResponse.m in Sources */ = {isa = PBXBuildFile; fileRef = 3B83F9419A944F538FE0B075 /* GCDWebServerDataResponse.m */; };
		892236834B974700BABC5595 /* GoogleAuthUtilities.framework in Frameworks */ = {isa = PBXBuildFile; fileRef = E0E5D5CFF1A84E72B831B985 /* GoogleAuthUtilities.framework */; };
		8A1949461A094D6F8DD790B3 /* GCDWebServer.m in Sources */ = {isa = PBXBuildFile; fileRef = FB2E29E59CA04A4B9EBBB2B5 /* GCDWebServer.m */; };
		A06812A42C5146379E915AA2 /* PortraitVideo.m in Sources */ = {isa = PBXBuildFile; fileRef = A07BC70574394398AA62CB79 /* PortraitVideo.m */; };
		A1179CE7F5604B12B7948E33 /* GoogleSymbolUtilities.framework in Frameworks */ = {isa = PBXBuildFile; fileRef = 8A242DCDD61F4DADBEE5C876 /* GoogleSymbolUtilities.framework */; };
		A42A9915D0E6416A89296921 /* CDVWKProcessPoolFactory.m in Sources */ = {isa = PBXBuildFile; fileRef = 11F78853540348599664A53D /* CDVWKProcessPoolFactory.m */; };
		AABDA8C04B984A11AA4201D2 /* CDVStatusBar.m in Sources */ = {isa = PBXBuildFile; fileRef = 593EBF6A1056401DB0D466A6 /* CDVStatusBar.m */; };
		AACAE6C21835457A911649FE /* GCDWebServerFileResponse.m in Sources */ = {isa = PBXBuildFile; fileRef = 343759F3C6B7420292C3CB8D /* GCDWebServerFileResponse.m */; };
		AB18F8837F1847F7886D4173 /* Security.framework in Frameworks */ = {isa = PBXBuildFile; fileRef = 1282E8FC514A47FB890D4187 /* Security.framework */; settings = {ATTRIBUTES = (Weak, ); }; };
		B0BE1DB4DEE04460B4DAF81B /* CDVDevice.m in Sources */ = {isa = PBXBuildFile; fileRef = BC98054BC64E452D9522AD7D /* CDVDevice.m */; };
		B34953D528644C0AB69B4605 /* GCDWebServerDataRequest.m in Sources */ = {isa = PBXBuildFile; fileRef = 35AB2CCF252C4392BCD31270 /* GCDWebServerDataRequest.m */; };
		B4B6AFCF563A4110824E6A7D /* NativeStorage.m in Sources */ = {isa = PBXBuildFile; fileRef = 4044D954D98A4BC4A1DAAA6A /* NativeStorage.m */; };
		B60A998914754EC38FC77888 /* GCDWebServerResponse.m in Sources */ = {isa = PBXBuildFile; fileRef = 337D14A223524365B968B5F4 /* GCDWebServerResponse.m */; };
		BA67481026424D65B23D7D10 /* GCDWebServerStreamedResponse.m in Sources */ = {isa = PBXBuildFile; fileRef = 801B9535DBB34D1FA36C9CD0 /* GCDWebServerStreamedResponse.m */; };
		BB99607A4B104D28918634CF /* IONAssetHandler.m in Sources */ = {isa = PBXBuildFile; fileRef = 262DD8BA5CD847FFA3669B9F /* IONAssetHandler.m */; };
		C2F5A02F57D34052BDA261DF /* GoogleUtilities.framework in Frameworks */ = {isa = PBXBuildFile; fileRef = 3F6D55B14C3945959F9A85F1 /* GoogleUtilities.framework */; };
		C8D766CB78EB4A3B82BB3944 /* FBSDKLoginKit.framework in Frameworks */ = {isa = PBXBuildFile; fileRef = D0E1374FCE8A405985FA65D7 /* FBSDKLoginKit.framework */; };
		E017F099AE4249E08F88D4E9 /* GoogleNetworkingUtilities.framework in Frameworks */ = {isa = PBXBuildFile; fileRef = C16F42287CF64B6FBFB06939 /* GoogleNetworkingUtilities.framework */; };
		E23A053C99E34A789ED5F1E6 /* CDVViewController+SplashScreen.m in Sources */ = {isa = PBXBuildFile; fileRef = 675A68222AD04FAC9D7BB314 /* CDVViewController+SplashScreen.m */; };
		E33522FF6F8D46A493966E19 /* CDVWKWebViewUIDelegate.m in Sources */ = {isa = PBXBuildFile; fileRef = 0DCDBB51724A4668A08E4F43 /* CDVWKWebViewUIDelegate.m */; };
		E6D9A863C29B43CDA2940812 /* GCDWebServerErrorResponse.m in Sources */ = {isa = PBXBuildFile; fileRef = 302122A2A48D48449DD5F889 /* GCDWebServerErrorResponse.m */; };
		F5CA0B421D7D4E2E85E3BA54 /* CDVWKWebViewEngine.m in Sources */ = {isa = PBXBuildFile; fileRef = 3D506FEBEF884B57BF0212D6 /* CDVWKWebViewEngine.m */; };
		F671540A2DAC4C158862DE85 /* GCDWebServerRequest.m in Sources */ = {isa = PBXBuildFile; fileRef = D464B57E20EF407D9719FA83 /* GCDWebServerRequest.m */; };
		FA0EC5FD1A374614B64AFE6E /* libz.tbd in Frameworks */ = {isa = PBXBuildFile; fileRef = 790E5D572A2344858F5B1740 /* libz.tbd */; settings = {ATTRIBUTES = (Weak, ); }; };
/* End PBXBuildFile section */

/* Begin PBXContainerItemProxy section */
		2454F57D234065A1001FE393 /* PBXContainerItemProxy */ = {
			isa = PBXContainerItemProxy;
			containerPortal = 301BF52D109A57CC0062928A /* CordovaLib/CordovaLib.xcodeproj */;
			proxyType = 2;
			remoteGlobalIDString = C0C01EB21E3911D50056E6CB;
			remoteInfo = Cordova;
		};
		301BF534109A57CC0062928A /* PBXContainerItemProxy */ = {
			isa = PBXContainerItemProxy;
			containerPortal = 301BF52D109A57CC0062928A /* CordovaLib/CordovaLib.xcodeproj */;
			proxyType = 2;
			remoteGlobalIDString = D2AAC07E0554694100DB518D;
			remoteInfo = CordovaLib;
		};
		301BF550109A68C00062928A /* PBXContainerItemProxy */ = {
			isa = PBXContainerItemProxy;
			containerPortal = 301BF52D109A57CC0062928A /* CordovaLib/CordovaLib.xcodeproj */;
			proxyType = 1;
			remoteGlobalIDString = D2AAC07D0554694100DB518D;
			remoteInfo = CordovaLib;
		};
/* End PBXContainerItemProxy section */

/* Begin PBXFileReference section */
		0207DA571B56EA530066E2B4 /* Images.xcassets */ = {isa = PBXFileReference; lastKnownFileType = folder.assetcatalog; name = Images.xcassets; path = com.tgm_ionic/Images.xcassets; sourceTree = SOURCE_ROOT; };
		04D42C61A05643869CC3752A /* CDVStatusBar.h */ = {isa = PBXFileReference; explicitFileType = undefined; fileEncoding = 4; includeInIndex = 0; lastKnownFileType = sourcecode.c.h; name = CDVStatusBar.h; path = "cordova-plugin-statusbar/CDVStatusBar.h"; sourceTree = "<group>"; };
		05B930D7E9DD4B49B9E8800B /* CDVSplashScreen.m */ = {isa = PBXFileReference; explicitFileType = undefined; fileEncoding = 4; includeInIndex = 0; lastKnownFileType = sourcecode.c.objc; name = CDVSplashScreen.m; path = "cordova-plugin-splashscreen/CDVSplashScreen.m"; sourceTree = "<group>"; };
		0C6FF102D1834867B1BA6534 /* GCDWebServerConnection.m */ = {isa = PBXFileReference; explicitFileType = undefined; fileEncoding = 4; includeInIndex = 0; lastKnownFileType = sourcecode.c.objc; name = GCDWebServerConnection.m; path = "cordova-plugin-ionic-webview/GCDWebServerConnection.m"; sourceTree = "<group>"; };
		0DCDBB51724A4668A08E4F43 /* CDVWKWebViewUIDelegate.m */ = {isa = PBXFileReference; explicitFileType = undefined; fileEncoding = 4; includeInIndex = 0; lastKnownFileType = sourcecode.c.objc; name = CDVWKWebViewUIDelegate.m; path = "cordova-plugin-ionic-webview/CDVWKWebViewUIDelegate.m"; sourceTree = "<group>"; };
		119452D9553E4C8499107606 /* CDVWKWebViewEngine.h */ = {isa = PBXFileReference; explicitFileType = undefined; fileEncoding = 4; includeInIndex = 0; lastKnownFileType = sourcecode.c.h; name = CDVWKWebViewEngine.h; path = "cordova-plugin-ionic-webview/CDVWKWebViewEngine.h"; sourceTree = "<group>"; };
		11F78853540348599664A53D /* CDVWKProcessPoolFactory.m */ = {isa = PBXFileReference; explicitFileType = undefined; fileEncoding = 4; includeInIndex = 0; lastKnownFileType = sourcecode.c.objc; name = CDVWKProcessPoolFactory.m; path = "cordova-plugin-ionic-webview/CDVWKProcessPoolFactory.m"; sourceTree = "<group>"; };
		1282E8FC514A47FB890D4187 /* Security.framework */ = {isa = PBXFileReference; explicitFileType = undefined; fileEncoding = 9; includeInIndex = 0; lastKnownFileType = wrapper.framework; name = Security.framework; path = System/Library/Frameworks/Security.framework; sourceTree = SDKROOT; };
		131C55E222CE488ABB7EE9A5 /* StreamingMedia.h */ = {isa = PBXFileReference; explicitFileType = undefined; fileEncoding = 4; includeInIndex = 0; lastKnownFileType = sourcecode.c.h; name = StreamingMedia.h; path = "cordova-plugin-streaming-media/StreamingMedia.h"; sourceTree = "<group>"; };
		1ADFAA6A23DC41AFAC73C089 /* GCDWebServerFunctions.m */ = {isa = PBXFileReference; explicitFileType = undefined; fileEncoding = 4; includeInIndex = 0; lastKnownFileType = sourcecode.c.objc; name = GCDWebServerFunctions.m; path = "cordova-plugin-ionic-webview/GCDWebServerFunctions.m"; sourceTree = "<group>"; };
		1D3623240D0F684500981E51 /* AppDelegate.h */ = {isa = PBXFileReference; fileEncoding = 4; lastKnownFileType = sourcecode.c.h; path = AppDelegate.h; sourceTree = "<group>"; };
		1D3623250D0F684500981E51 /* AppDelegate.m */ = {isa = PBXFileReference; fileEncoding = 4; lastKnownFileType = sourcecode.c.objc; path = AppDelegate.m; sourceTree = "<group>"; };
		1D6058910D05DD3D006BFB54 /* com.tgm_ionic.app */ = {isa = PBXFileReference; explicitFileType = wrapper.application; includeInIndex = 0; path = com.tgm_ionic.app; sourceTree = BUILT_PRODUCTS_DIR; };
		254AB71D7A2B4579A393DF20 /* GCDWebServerStreamedResponse.h */ = {isa = PBXFileReference; explicitFileType = undefined; fileEncoding = 4; includeInIndex = 0; lastKnownFileType = sourcecode.c.h; name = GCDWebServerStreamedResponse.h; path = "cordova-plugin-ionic-webview/GCDWebServerStreamedResponse.h"; sourceTree = "<group>"; };
		25847DBF32904E958A83688E /* GCDWebServerHTTPStatusCodes.h */ = {isa = PBXFileReference; explicitFileType = undefined; fileEncoding = 4; includeInIndex = 0; lastKnownFileType = sourcecode.c.h; name = GCDWebServerHTTPStatusCodes.h; path = "cordova-plugin-ionic-webview/GCDWebServerHTTPStatusCodes.h"; sourceTree = "<group>"; };
		262DD8BA5CD847FFA3669B9F /* IONAssetHandler.m */ = {isa = PBXFileReference; explicitFileType = undefined; fileEncoding = 4; includeInIndex = 0; lastKnownFileType = sourcecode.c.objc; name = IONAssetHandler.m; path = "cordova-plugin-ionic-webview/IONAssetHandler.m"; sourceTree = "<group>"; };
		29B97316FDCFA39411CA2CEA /* main.m */ = {isa = PBXFileReference; fileEncoding = 4; lastKnownFileType = sourcecode.c.objc; path = main.m; sourceTree = "<group>"; };
		2B40C7F079494580874A01FB /* FacebookConnectPlugin.m */ = {isa = PBXFileReference; explicitFileType = undefined; fileEncoding = 4; includeInIndex = 0; lastKnownFileType = sourcecode.c.objc; name = FacebookConnectPlugin.m; path = "cordova-plugin-facebook4/FacebookConnectPlugin.m"; sourceTree = "<group>"; };
		301BF52D109A57CC0062928A /* CordovaLib/CordovaLib.xcodeproj */ = {isa = PBXFileReference; lastKnownFileType = "wrapper.pb-project"; path = CordovaLib/CordovaLib.xcodeproj; sourceTree = "<group>"; };
		301BF56E109A69640062928A /* www */ = {isa = PBXFileReference; lastKnownFileType = folder; path = www; sourceTree = SOURCE_ROOT; };
		302122A2A48D48449DD5F889 /* GCDWebServerErrorResponse.m */ = {isa = PBXFileReference; explicitFileType = undefined; fileEncoding = 4; includeInIndex = 0; lastKnownFileType = sourcecode.c.objc; name = GCDWebServerErrorResponse.m; path = "cordova-plugin-ionic-webview/GCDWebServerErrorResponse.m"; sourceTree = "<group>"; };
		302D95EE14D2391D003F00A1 /* MainViewController.h */ = {isa = PBXFileReference; fileEncoding = 4; lastKnownFileType = sourcecode.c.h; path = MainViewController.h; sourceTree = "<group>"; };
		302D95EF14D2391D003F00A1 /* MainViewController.m */ = {isa = PBXFileReference; fileEncoding = 4; lastKnownFileType = sourcecode.c.objc; path = MainViewController.m; sourceTree = "<group>"; };
		302D95F014D2391D003F00A1 /* MainViewController.xib */ = {isa = PBXFileReference; fileEncoding = 4; lastKnownFileType = file.xib; path = MainViewController.xib; sourceTree = "<group>"; };
		3047A50F1AB8059700498E2A /* build-debug.xcconfig */ = {isa = PBXFileReference; fileEncoding = 4; lastKnownFileType = text.xcconfig; name = "build-debug.xcconfig"; path = "cordova/build-debug.xcconfig"; sourceTree = SOURCE_ROOT; };
		3047A5101AB8059700498E2A /* build-release.xcconfig */ = {isa = PBXFileReference; fileEncoding = 4; lastKnownFileType = text.xcconfig; name = "build-release.xcconfig"; path = "cordova/build-release.xcconfig"; sourceTree = SOURCE_ROOT; };
		3047A5111AB8059700498E2A /* build.xcconfig */ = {isa = PBXFileReference; fileEncoding = 4; lastKnownFileType = text.xcconfig; name = build.xcconfig; path = cordova/build.xcconfig; sourceTree = SOURCE_ROOT; };
		316893B10BEA4B3B9169BC64 /* GCDWebServerFileRequest.m */ = {isa = PBXFileReference; explicitFileType = undefined; fileEncoding = 4; includeInIndex = 0; lastKnownFileType = sourcecode.c.objc; name = GCDWebServerFileRequest.m; path = "cordova-plugin-ionic-webview/GCDWebServerFileRequest.m"; sourceTree = "<group>"; };
		32CA4F630368D1EE00C91783 /* com.tgm_ionic-Prefix.pch */ = {isa = PBXFileReference; fileEncoding = 4; lastKnownFileType = sourcecode.c.h; path = "com.tgm_ionic-Prefix.pch"; sourceTree = "<group>"; };
		337D14A223524365B968B5F4 /* GCDWebServerResponse.m */ = {isa = PBXFileReference; explicitFileType = undefined; fileEncoding = 4; includeInIndex = 0; lastKnownFileType = sourcecode.c.objc; name = GCDWebServerResponse.m; path = "cordova-plugin-ionic-webview/GCDWebServerResponse.m"; sourceTree = "<group>"; };
		33915507E0D042D3BA93B43E /* IONAssetHandler.h */ = {isa = PBXFileReference; explicitFileType = undefined; fileEncoding = 4; includeInIndex = 0; lastKnownFileType = sourcecode.c.h; name = IONAssetHandler.h; path = "cordova-plugin-ionic-webview/IONAssetHandler.h"; sourceTree = "<group>"; };
		33CCEE217FB741248F54E677 /* GCDWebServerPrivate.h */ = {isa = PBXFileReference; explicitFileType = undefined; fileEncoding = 4; includeInIndex = 0; lastKnownFileType = sourcecode.c.h; name = GCDWebServerPrivate.h; path = "cordova-plugin-ionic-webview/GCDWebServerPrivate.h"; sourceTree = "<group>"; };
		343759F3C6B7420292C3CB8D /* GCDWebServerFileResponse.m */ = {isa = PBXFileReference; explicitFileType = undefined; fileEncoding = 4; includeInIndex = 0; lastKnownFileType = sourcecode.c.objc; name = GCDWebServerFileResponse.m; path = "cordova-plugin-ionic-webview/GCDWebServerFileResponse.m"; sourceTree = "<group>"; };
		34B30BEA322B4F82BC507AA2 /* CDVViewController+SplashScreen.h */ = {isa = PBXFileReference; explicitFileType = undefined; fileEncoding = 4; includeInIndex = 0; lastKnownFileType = sourcecode.c.h; name = "CDVViewController+SplashScreen.h"; path = "cordova-plugin-splashscreen/CDVViewController+SplashScreen.h"; sourceTree = "<group>"; };
		35AB2CCF252C4392BCD31270 /* GCDWebServerDataRequest.m */ = {isa = PBXFileReference; explicitFileType = undefined; fileEncoding = 4; includeInIndex = 0; lastKnownFileType = sourcecode.c.objc; name = GCDWebServerDataRequest.m; path = "cordova-plugin-ionic-webview/GCDWebServerDataRequest.m"; sourceTree = "<group>"; };
		38335F5A5C8A488CB3C7D0F1 /* GoogleAppUtilities.framework */ = {isa = PBXFileReference; explicitFileType = undefined; fileEncoding = 9; includeInIndex = 0; lastKnownFileType = wrapper.framework; name = GoogleAppUtilities.framework; path = "com.tgm_ionic/Plugins/cordova-plugin-googleplus/GoogleAppUtilities.framework"; sourceTree = "<group>"; };
		38C7D63C69D04E1F99D413FB /* CDVWKWebViewUIDelegate.h */ = {isa = PBXFileReference; explicitFileType = undefined; fileEncoding = 4; includeInIndex = 0; lastKnownFileType = sourcecode.c.h; name = CDVWKWebViewUIDelegate.h; path = "cordova-plugin-ionic-webview/CDVWKWebViewUIDelegate.h"; sourceTree = "<group>"; };
		3B83F9419A944F538FE0B075 /* GCDWebServerDataResponse.m */ = {isa = PBXFileReference; explicitFileType = undefined; fileEncoding = 4; includeInIndex = 0; lastKnownFileType = sourcecode.c.objc; name = GCDWebServerDataResponse.m; path = "cordova-plugin-ionic-webview/GCDWebServerDataResponse.m"; sourceTree = "<group>"; };
		3D506FEBEF884B57BF0212D6 /* CDVWKWebViewEngine.m */ = {isa = PBXFileReference; explicitFileType = undefined; fileEncoding = 4; includeInIndex = 0; lastKnownFileType = sourcecode.c.objc; name = CDVWKWebViewEngine.m; path = "cordova-plugin-ionic-webview/CDVWKWebViewEngine.m"; sourceTree = "<group>"; };
		3F2423A39FBA4213951613EE /* GCDWebServerResponse.h */ = {isa = PBXFileReference; explicitFileType = undefined; fileEncoding = 4; includeInIndex = 0; lastKnownFileType = sourcecode.c.h; name = GCDWebServerResponse.h; path = "cordova-plugin-ionic-webview/GCDWebServerResponse.h"; sourceTree = "<group>"; };
		3F6D55B14C3945959F9A85F1 /* GoogleUtilities.framework */ = {isa = PBXFileReference; explicitFileType = undefined; fileEncoding = 9; includeInIndex = 0; lastKnownFileType = wrapper.framework; name = GoogleUtilities.framework; path = "com.tgm_ionic/Plugins/cordova-plugin-googleplus/GoogleUtilities.framework"; sourceTree = "<group>"; };
		4044D954D98A4BC4A1DAAA6A /* NativeStorage.m */ = {isa = PBXFileReference; explicitFileType = undefined; fileEncoding = 4; includeInIndex = 0; lastKnownFileType = sourcecode.c.objc; name = NativeStorage.m; path = "cordova-plugin-nativestorage/NativeStorage.m"; sourceTree = "<group>"; };
		453025241D6C426C829B9DC3 /* FBSDKShareKit.framework */ = {isa = PBXFileReference; explicitFileType = undefined; fileEncoding = 9; includeInIndex = 0; lastKnownFileType = wrapper.framework; name = FBSDKShareKit.framework; path = "com.tgm_ionic/Plugins/cordova-plugin-facebook4/FBSDKShareKit.framework"; sourceTree = "<group>"; };
		461B8EADEF5E426EB8BC8922 /* AddressBook.framework */ = {isa = PBXFileReference; explicitFileType = undefined; fileEncoding = 9; includeInIndex = 0; lastKnownFileType = wrapper.framework; name = AddressBook.framework; path = System/Library/Frameworks/AddressBook.framework; sourceTree = SDKROOT; };
		487C51B75E7B45C4AF795D76 /* GCDWebServerFileResponse.h */ = {isa = PBXFileReference; explicitFileType = undefined; fileEncoding = 4; includeInIndex = 0; lastKnownFileType = sourcecode.c.h; name = GCDWebServerFileResponse.h; path = "cordova-plugin-ionic-webview/GCDWebServerFileResponse.h"; sourceTree = "<group>"; };
		48A05DC6AA5D4E62A28CC0BD /* CDVDevice.h */ = {isa = PBXFileReference; explicitFileType = undefined; fileEncoding = 4; includeInIndex = 0; lastKnownFileType = sourcecode.c.h; name = CDVDevice.h; path = "cordova-plugin-device/CDVDevice.h"; sourceTree = "<group>"; };
		593EBF6A1056401DB0D466A6 /* CDVStatusBar.m */ = {isa = PBXFileReference; explicitFileType = undefined; fileEncoding = 4; includeInIndex = 0; lastKnownFileType = sourcecode.c.objc; name = CDVStatusBar.m; path = "cordova-plugin-statusbar/CDVStatusBar.m"; sourceTree = "<group>"; };
		656461AAEE7042A68A50E202 /* PortraitVideo.h */ = {isa = PBXFileReference; explicitFileType = undefined; fileEncoding = 4; includeInIndex = 0; lastKnownFileType = sourcecode.c.h; name = PortraitVideo.h; path = "cordova-plugin-streaming-media/PortraitVideo.h"; sourceTree = "<group>"; };
		675A68222AD04FAC9D7BB314 /* CDVViewController+SplashScreen.m */ = {isa = PBXFileReference; explicitFileType = undefined; fileEncoding = 4; includeInIndex = 0; lastKnownFileType = sourcecode.c.objc; name = "CDVViewController+SplashScreen.m"; path = "cordova-plugin-splashscreen/CDVViewController+SplashScreen.m"; sourceTree = "<group>"; };
		676F4681B77C40A89C385590 /* NativeStorage.h */ = {isa = PBXFileReference; explicitFileType = undefined; fileEncoding = 4; includeInIndex = 0; lastKnownFileType = sourcecode.c.h; name = NativeStorage.h; path = "cordova-plugin-nativestorage/NativeStorage.h"; sourceTree = "<group>"; };
		6AFF5BF81D6E424B00AB3073 /* CDVLaunchScreen.storyboard */ = {isa = PBXFileReference; fileEncoding = 4; lastKnownFileType = file.storyboard; name = CDVLaunchScreen.storyboard; path = com.tgm_ionic/CDVLaunchScreen.storyboard; sourceTree = SOURCE_ROOT; };
		6EE459E048384D79B36F84AD /* GoogleSignIn.framework */ = {isa = PBXFileReference; explicitFileType = undefined; fileEncoding = 9; includeInIndex = 0; lastKnownFileType = wrapper.framework; name = GoogleSignIn.framework; path = "com.tgm_ionic/Plugins/cordova-plugin-googleplus/GoogleSignIn.framework"; sourceTree = "<group>"; };
		735C8A3FF7E14AE7A7E52353 /* GooglePlus.h */ = {isa = PBXFileReference; explicitFileType = undefined; fileEncoding = 4; includeInIndex = 0; lastKnownFileType = sourcecode.c.h; name = GooglePlus.h; path = "cordova-plugin-googleplus/GooglePlus.h"; sourceTree = "<group>"; };
		774A8085CA014CFFB0215379 /* GCDWebServerURLEncodedFormRequest.h */ = {isa = PBXFileReference; explicitFileType = undefined; fileEncoding = 4; includeInIndex = 0; lastKnownFileType = sourcecode.c.h; name = GCDWebServerURLEncodedFormRequest.h; path = "cordova-plugin-ionic-webview/GCDWebServerURLEncodedFormRequest.h"; sourceTree = "<group>"; };
		7783350A0A4B46788DAF37B3 /* GCDWebServerDataRequest.h */ = {isa = PBXFileReference; explicitFileType = undefined; fileEncoding = 4; includeInIndex = 0; lastKnownFileType = sourcecode.c.h; name = GCDWebServerDataRequest.h; path = "cordova-plugin-ionic-webview/GCDWebServerDataRequest.h"; sourceTree = "<group>"; };
		77B3F132FBA54DD3BE049B8E /* GCDWebServerErrorResponse.h */ = {isa = PBXFileReference; explicitFileType = undefined; fileEncoding = 4; includeInIndex = 0; lastKnownFileType = sourcecode.c.h; name = GCDWebServerErrorResponse.h; path = "cordova-plugin-ionic-webview/GCDWebServerErrorResponse.h"; sourceTree = "<group>"; };
		790E5D572A2344858F5B1740 /* libz.tbd */ = {isa = PBXFileReference; explicitFileType = undefined; fileEncoding = 9; includeInIndex = 0; lastKnownFileType = "sourcecode.text-based-dylib-definition"; name = libz.tbd; path = usr/lib/libz.tbd; sourceTree = SDKROOT; };
		7B28A33260294813A38313DA /* SafariServices.framework */ = {isa = PBXFileReference; explicitFileType = undefined; fileEncoding = 9; includeInIndex = 0; lastKnownFileType = wrapper.framework; name = SafariServices.framework; path = System/Library/Frameworks/SafariServices.framework; sourceTree = SDKROOT; };
		7C531EC827344D54B8EA9B68 /* SystemConfiguration.framework */ = {isa = PBXFileReference; explicitFileType = undefined; fileEncoding = 9; includeInIndex = 0; lastKnownFileType = wrapper.framework; name = SystemConfiguration.framework; path = System/Library/Frameworks/SystemConfiguration.framework; sourceTree = SDKROOT; };
		7DAA420CC13046F0AA9243F7 /* GCDWebServerMultiPartFormRequest.h */ = {isa = PBXFileReference; explicitFileType = undefined; fileEncoding = 4; includeInIndex = 0; lastKnownFileType = sourcecode.c.h; name = GCDWebServerMultiPartFormRequest.h; path = "cordova-plugin-ionic-webview/GCDWebServerMultiPartFormRequest.h"; sourceTree = "<group>"; };
		801B9535DBB34D1FA36C9CD0 /* GCDWebServerStreamedResponse.m */ = {isa = PBXFileReference; explicitFileType = undefined; fileEncoding = 4; includeInIndex = 0; lastKnownFileType = sourcecode.c.objc; name = GCDWebServerStreamedResponse.m; path = "cordova-plugin-ionic-webview/GCDWebServerStreamedResponse.m"; sourceTree = "<group>"; };
		84EF0F92BEC147B2BFBC2CA3 /* Bolts.framework */ = {isa = PBXFileReference; explicitFileType = undefined; fileEncoding = 9; includeInIndex = 0; lastKnownFileType = wrapper.framework; name = Bolts.framework; path = "com.tgm_ionic/Plugins/cordova-plugin-facebook4/Bolts.framework"; sourceTree = "<group>"; };
		8A242DCDD61F4DADBEE5C876 /* GoogleSymbolUtilities.framework */ = {isa = PBXFileReference; explicitFileType = undefined; fileEncoding = 9; includeInIndex = 0; lastKnownFileType = wrapper.framework; name = GoogleSymbolUtilities.framework; path = "com.tgm_ionic/Plugins/cordova-plugin-googleplus/GoogleSymbolUtilities.framework"; sourceTree = "<group>"; };
		8D1107310486CEB800E47090 /* com.tgm_ionic-Info.plist */ = {isa = PBXFileReference; fileEncoding = 4; lastKnownFileType = text.plist.xml; name = "com.tgm_ionic-Info.plist"; path = "com.tgm_ionic/com.tgm_ionic-Info.plist"; plistStructureDefinitionIdentifier = "com.apple.xcode.plist.structure-definition.iphone.info-plist"; sourceTree = SOURCE_ROOT; };
		90AA79A383654FB6A3AC40CD /* CDVWKProcessPoolFactory.h */ = {isa = PBXFileReference; explicitFileType = undefined; fileEncoding = 4; includeInIndex = 0; lastKnownFileType = sourcecode.c.h; name = CDVWKProcessPoolFactory.h; path = "cordova-plugin-ionic-webview/CDVWKProcessPoolFactory.h"; sourceTree = "<group>"; };
		932A58D303664F1BAC956A03 /* GCDWebServerDataResponse.h */ = {isa = PBXFileReference; explicitFileType = undefined; fileEncoding = 4; includeInIndex = 0; lastKnownFileType = sourcecode.c.h; name = GCDWebServerDataResponse.h; path = "cordova-plugin-ionic-webview/GCDWebServerDataResponse.h"; sourceTree = "<group>"; };
		9482F0EF3EF649438A3937C3 /* GooglePlus.m */ = {isa = PBXFileReference; explicitFileType = undefined; fileEncoding = 4; includeInIndex = 0; lastKnownFileType = sourcecode.c.objc; name = GooglePlus.m; path = "cordova-plugin-googleplus/GooglePlus.m"; sourceTree = "<group>"; };
		97B037EAC4FC4212A36021AC /* CDVIonicKeyboard.h */ = {isa = PBXFileReference; explicitFileType = undefined; fileEncoding = 4; includeInIndex = 0; lastKnownFileType = sourcecode.c.h; name = CDVIonicKeyboard.h; path = "cordova-plugin-ionic-keyboard/CDVIonicKeyboard.h"; sourceTree = "<group>"; };
		992C551C9AF748A3B82AA847 /* GCDWebServerMultiPartFormRequest.m */ = {isa = PBXFileReference; explicitFileType = undefined; fileEncoding = 4; includeInIndex = 0; lastKnownFileType = sourcecode.c.objc; name = GCDWebServerMultiPartFormRequest.m; path = "cordova-plugin-ionic-webview/GCDWebServerMultiPartFormRequest.m"; sourceTree = "<group>"; };
		A07BC70574394398AA62CB79 /* PortraitVideo.m */ = {isa = PBXFileReference; explicitFileType = undefined; fileEncoding = 4; includeInIndex = 0; lastKnownFileType = sourcecode.c.objc; name = PortraitVideo.m; path = "cordova-plugin-streaming-media/PortraitVideo.m"; sourceTree = "<group>"; };
		A5174BA57FD6409B9EB08CB8 /* FacebookConnectPlugin.h */ = {isa = PBXFileReference; explicitFileType = undefined; fileEncoding = 4; includeInIndex = 0; lastKnownFileType = sourcecode.c.h; name = FacebookConnectPlugin.h; path = "cordova-plugin-facebook4/FacebookConnectPlugin.h"; sourceTree = "<group>"; };
		A7FCA2C95A2C4D4295050EA6 /* LandscapeVideo.m */ = {isa = PBXFileReference; explicitFileType = undefined; fileEncoding = 4; includeInIndex = 0; lastKnownFileType = sourcecode.c.objc; name = LandscapeVideo.m; path = "cordova-plugin-streaming-media/LandscapeVideo.m"; sourceTree = "<group>"; };
		B696A318240F40639471ECE7 /* FBSDKCoreKit.framework */ = {isa = PBXFileReference; explicitFileType = undefined; fileEncoding = 9; includeInIndex = 0; lastKnownFileType = wrapper.framework; name = FBSDKCoreKit.framework; path = "com.tgm_ionic/Plugins/cordova-plugin-facebook4/FBSDKCoreKit.framework"; sourceTree = "<group>"; };
		B8B943C51B374225B4348C4F /* GCDWebServerFileRequest.h */ = {isa = PBXFileReference; explicitFileType = undefined; fileEncoding = 4; includeInIndex = 0; lastKnownFileType = sourcecode.c.h; name = GCDWebServerFileRequest.h; path = "cordova-plugin-ionic-webview/GCDWebServerFileRequest.h"; sourceTree = "<group>"; };
		BBD73061B05540B2B0C93B84 /* GCDWebServerURLEncodedFormRequest.m */ = {isa = PBXFileReference; explicitFileType = undefined; fileEncoding = 4; includeInIndex = 0; lastKnownFileType = sourcecode.c.objc; name = GCDWebServerURLEncodedFormRequest.m; path = "cordova-plugin-ionic-webview/GCDWebServerURLEncodedFormRequest.m"; sourceTree = "<group>"; };
		BC98054BC64E452D9522AD7D /* CDVDevice.m */ = {isa = PBXFileReference; explicitFileType = undefined; fileEncoding = 4; includeInIndex = 0; lastKnownFileType = sourcecode.c.objc; name = CDVDevice.m; path = "cordova-plugin-device/CDVDevice.m"; sourceTree = "<group>"; };
		C16F42287CF64B6FBFB06939 /* GoogleNetworkingUtilities.framework */ = {isa = PBXFileReference; explicitFileType = undefined; fileEncoding = 9; includeInIndex = 0; lastKnownFileType = wrapper.framework; name = GoogleNetworkingUtilities.framework; path = "com.tgm_ionic/Plugins/cordova-plugin-googleplus/GoogleNetworkingUtilities.framework"; sourceTree = "<group>"; };
		CADFBAEE42FE4D7EA381607D /* libz.dylib */ = {isa = PBXFileReference; explicitFileType = undefined; fileEncoding = 9; includeInIndex = 0; lastKnownFileType = "compiled.mach-o.dylib"; name = libz.dylib; path = usr/lib/libz.dylib; sourceTree = SDKROOT; };
		D08E11054FA24C8A8CD0E53F /* GCDWebServerRequest.h */ = {isa = PBXFileReference; explicitFileType = undefined; fileEncoding = 4; includeInIndex = 0; lastKnownFileType = sourcecode.c.h; name = GCDWebServerRequest.h; path = "cordova-plugin-ionic-webview/GCDWebServerRequest.h"; sourceTree = "<group>"; };
		D0E1374FCE8A405985FA65D7 /* FBSDKLoginKit.framework */ = {isa = PBXFileReference; explicitFileType = undefined; fileEncoding = 9; includeInIndex = 0; lastKnownFileType = wrapper.framework; name = FBSDKLoginKit.framework; path = "com.tgm_ionic/Plugins/cordova-plugin-facebook4/FBSDKLoginKit.framework"; sourceTree = "<group>"; };
		D464B57E20EF407D9719FA83 /* GCDWebServerRequest.m */ = {isa = PBXFileReference; explicitFileType = undefined; fileEncoding = 4; includeInIndex = 0; lastKnownFileType = sourcecode.c.objc; name = GCDWebServerRequest.m; path = "cordova-plugin-ionic-webview/GCDWebServerRequest.m"; sourceTree = "<group>"; };
		D6C38D48B87D48CBAA1AE873 /* CDVIonicKeyboard.m */ = {isa = PBXFileReference; explicitFileType = undefined; fileEncoding = 4; includeInIndex = 0; lastKnownFileType = sourcecode.c.objc; name = CDVIonicKeyboard.m; path = "cordova-plugin-ionic-keyboard/CDVIonicKeyboard.m"; sourceTree = "<group>"; };
		D6F39270B1454E2FA2BCE9B1 /* CDVSplashScreen.h */ = {isa = PBXFileReference; explicitFileType = undefined; fileEncoding = 4; includeInIndex = 0; lastKnownFileType = sourcecode.c.h; name = CDVSplashScreen.h; path = "cordova-plugin-splashscreen/CDVSplashScreen.h"; sourceTree = "<group>"; };
		D8E1B9DC61804AB2A22F75D5 /* GCDWebServerFunctions.h */ = {isa = PBXFileReference; explicitFileType = undefined; fileEncoding = 4; includeInIndex = 0; lastKnownFileType = sourcecode.c.h; name = GCDWebServerFunctions.h; path = "cordova-plugin-ionic-webview/GCDWebServerFunctions.h"; sourceTree = "<group>"; };
		E0E5D5CFF1A84E72B831B985 /* GoogleAuthUtilities.framework */ = {isa = PBXFileReference; explicitFileType = undefined; fileEncoding = 9; includeInIndex = 0; lastKnownFileType = wrapper.framework; name = GoogleAuthUtilities.framework; path = "com.tgm_ionic/Plugins/cordova-plugin-googleplus/GoogleAuthUtilities.framework"; sourceTree = "<group>"; };
		E681971C10C84B358A15C2B8 /* GCDWebServerConnection.h */ = {isa = PBXFileReference; explicitFileType = undefined; fileEncoding = 4; includeInIndex = 0; lastKnownFileType = sourcecode.c.h; name = GCDWebServerConnection.h; path = "cordova-plugin-ionic-webview/GCDWebServerConnection.h"; sourceTree = "<group>"; };
		EB87FDF31871DA8E0020F90C /* www */ = {isa = PBXFileReference; lastKnownFileType = folder; name = www; path = ../../www; sourceTree = "<group>"; };
		EB87FDF41871DAF40020F90C /* config.xml */ = {isa = PBXFileReference; lastKnownFileType = text.xml; name = config.xml; path = ../../config.xml; sourceTree = "<group>"; };
		ED33DF2A687741AEAF9F8254 /* Bridging-Header.h */ = {isa = PBXFileReference; fileEncoding = 4; lastKnownFileType = sourcecode.c.h; path = "Bridging-Header.h"; sourceTree = "<group>"; };
		F32454068A3043EDB59B4A6D /* MediaPlayer.framework */ = {isa = PBXFileReference; explicitFileType = undefined; fileEncoding = 9; includeInIndex = 0; lastKnownFileType = wrapper.framework; name = MediaPlayer.framework; path = System/Library/Frameworks/MediaPlayer.framework; sourceTree = SDKROOT; };
		F471BC3432674235AF356BF2 /* CoreText.framework */ = {isa = PBXFileReference; explicitFileType = undefined; fileEncoding = 9; includeInIndex = 0; lastKnownFileType = wrapper.framework; name = CoreText.framework; path = System/Library/Frameworks/CoreText.framework; sourceTree = SDKROOT; };
		F4B0651C7C574AF980EEC5F0 /* GCDWebServer.h */ = {isa = PBXFileReference; explicitFileType = undefined; fileEncoding = 4; includeInIndex = 0; lastKnownFileType = sourcecode.c.h; name = GCDWebServer.h; path = "cordova-plugin-ionic-webview/GCDWebServer.h"; sourceTree = "<group>"; };
		F840E1F0165FE0F500CFE078 /* config.xml */ = {isa = PBXFileReference; lastKnownFileType = text.xml; name = config.xml; path = com.tgm_ionic/config.xml; sourceTree = "<group>"; };
		FB13B0D2BCA04749A0F7A868 /* WebKit.framework */ = {isa = PBXFileReference; explicitFileType = undefined; fileEncoding = 9; includeInIndex = 0; lastKnownFileType = wrapper.framework; name = WebKit.framework; path = System/Library/Frameworks/WebKit.framework; sourceTree = SDKROOT; };
		FB2E29E59CA04A4B9EBBB2B5 /* GCDWebServer.m */ = {isa = PBXFileReference; explicitFileType = undefined; fileEncoding = 4; includeInIndex = 0; lastKnownFileType = sourcecode.c.objc; name = GCDWebServer.m; path = "cordova-plugin-ionic-webview/GCDWebServer.m"; sourceTree = "<group>"; };
		FE8FC324C63E4C328F750E65 /* StreamingMedia.m */ = {isa = PBXFileReference; explicitFileType = undefined; fileEncoding = 4; includeInIndex = 0; lastKnownFileType = sourcecode.c.objc; name = StreamingMedia.m; path = "cordova-plugin-streaming-media/StreamingMedia.m"; sourceTree = "<group>"; };
		FF5485CC624142FD91E970F1 /* LandscapeVideo.h */ = {isa = PBXFileReference; explicitFileType = undefined; fileEncoding = 4; includeInIndex = 0; lastKnownFileType = sourcecode.c.h; name = LandscapeVideo.h; path = "cordova-plugin-streaming-media/LandscapeVideo.h"; sourceTree = "<group>"; };
/* End PBXFileReference section */

/* Begin PBXFrameworksBuildPhase section */
		1D60588F0D05DD3D006BFB54 /* Frameworks */ = {
			isa = PBXFrameworksBuildPhase;
			buildActionMask = 2147483647;
			files = (
				301BF552109A68D80062928A /* libCordova.a in Frameworks */,
				4756777C525048C58812F6A7 /* Bolts.framework in Frameworks */,
				7348FEBE722E44DCBB8B7E08 /* FBSDKCoreKit.framework in Frameworks */,
				C8D766CB78EB4A3B82BB3944 /* FBSDKLoginKit.framework in Frameworks */,
				84A3789FCB0C45788F48BD0E /* FBSDKShareKit.framework in Frameworks */,
				8685531E75BB4D009394AAED /* GoogleAppUtilities.framework in Frameworks */,
				892236834B974700BABC5595 /* GoogleAuthUtilities.framework in Frameworks */,
				E017F099AE4249E08F88D4E9 /* GoogleNetworkingUtilities.framework in Frameworks */,
				673BA0535B784FA7B2E3F56E /* GoogleSignIn.framework in Frameworks */,
				A1179CE7F5604B12B7948E33 /* GoogleSymbolUtilities.framework in Frameworks */,
				C2F5A02F57D34052BDA261DF /* GoogleUtilities.framework in Frameworks */,
				706D9C16F1C84505A0C9EE34 /* AddressBook.framework in Frameworks */,
				59C55C5C4C854892AFD579A4 /* CoreText.framework in Frameworks */,
				3AEFC3C1E78546C680CF06BA /* SafariServices.framework in Frameworks */,
				AB18F8837F1847F7886D4173 /* Security.framework in Frameworks */,
				26B9EBEB2C1644EDA94AEC59 /* SystemConfiguration.framework in Frameworks */,
				FA0EC5FD1A374614B64AFE6E /* libz.tbd in Frameworks */,
				71F6EC98DBE64A049600C012 /* libz.dylib in Frameworks */,
				2F9A62922E2C4A3CAED1C743 /* WebKit.framework in Frameworks */,
				62A97EE040D549C1B3183819 /* MediaPlayer.framework in Frameworks */,
			);
			runOnlyForDeploymentPostprocessing = 0;
		};
/* End PBXFrameworksBuildPhase section */

/* Begin PBXGroup section */
		080E96DDFE201D6D7F000001 /* Classes */ = {
			isa = PBXGroup;
			children = (
				302D95EE14D2391D003F00A1 /* MainViewController.h */,
				302D95EF14D2391D003F00A1 /* MainViewController.m */,
				302D95F014D2391D003F00A1 /* MainViewController.xib */,
				1D3623240D0F684500981E51 /* AppDelegate.h */,
				1D3623250D0F684500981E51 /* AppDelegate.m */,
			);
			name = Classes;
			path = com.tgm_ionic/Classes;
			sourceTree = SOURCE_ROOT;
		};
		19C28FACFE9D520D11CA2CBB /* Products */ = {
			isa = PBXGroup;
			children = (
				1D6058910D05DD3D006BFB54 /* com.tgm_ionic.app */,
			);
			name = Products;
			sourceTree = "<group>";
		};
		29B97314FDCFA39411CA2CEA /* CustomTemplate */ = {
			isa = PBXGroup;
			children = (
				EB87FDF41871DAF40020F90C /* config.xml */,
				EB87FDF31871DA8E0020F90C /* www */,
				EB87FDF11871DA420020F90C /* Staging */,
				301BF52D109A57CC0062928A /* CordovaLib/CordovaLib.xcodeproj */,
				080E96DDFE201D6D7F000001 /* Classes */,
				307C750510C5A3420062BCA9 /* Plugins */,
				29B97315FDCFA39411CA2CEA /* Other Sources */,
				29B97317FDCFA39411CA2CEA /* Resources */,
				29B97323FDCFA39411CA2CEA /* Frameworks */,
				19C28FACFE9D520D11CA2CBB /* Products */,
			);
			name = CustomTemplate;
			sourceTree = "<group>";
		};
		29B97315FDCFA39411CA2CEA /* Other Sources */ = {
			isa = PBXGroup;
			children = (
				32CA4F630368D1EE00C91783 /* com.tgm_ionic-Prefix.pch */,
				29B97316FDCFA39411CA2CEA /* main.m */,
				ED33DF2A687741AEAF9F8254 /* Bridging-Header.h */,
			);
			name = "Other Sources";
			path = com.tgm_ionic;
			sourceTree = "<group>";
		};
		29B97317FDCFA39411CA2CEA /* Resources */ = {
			isa = PBXGroup;
			children = (
				0207DA571B56EA530066E2B4 /* Images.xcassets */,
				3047A50E1AB8057F00498E2A /* config */,
				8D1107310486CEB800E47090 /* com.tgm_ionic-Info.plist */,
				6AFF5BF81D6E424B00AB3073 /* CDVLaunchScreen.storyboard */,
			);
			name = Resources;
			path = com.tgm_ionic/Resources;
			sourceTree = "<group>";
		};
		29B97323FDCFA39411CA2CEA /* Frameworks */ = {
			isa = PBXGroup;
			children = (
				84EF0F92BEC147B2BFBC2CA3 /* Bolts.framework */,
				B696A318240F40639471ECE7 /* FBSDKCoreKit.framework */,
				D0E1374FCE8A405985FA65D7 /* FBSDKLoginKit.framework */,
				453025241D6C426C829B9DC3 /* FBSDKShareKit.framework */,
				38335F5A5C8A488CB3C7D0F1 /* GoogleAppUtilities.framework */,
				E0E5D5CFF1A84E72B831B985 /* GoogleAuthUtilities.framework */,
				C16F42287CF64B6FBFB06939 /* GoogleNetworkingUtilities.framework */,
				6EE459E048384D79B36F84AD /* GoogleSignIn.framework */,
				8A242DCDD61F4DADBEE5C876 /* GoogleSymbolUtilities.framework */,
				3F6D55B14C3945959F9A85F1 /* GoogleUtilities.framework */,
				461B8EADEF5E426EB8BC8922 /* AddressBook.framework */,
				F471BC3432674235AF356BF2 /* CoreText.framework */,
				7B28A33260294813A38313DA /* SafariServices.framework */,
				1282E8FC514A47FB890D4187 /* Security.framework */,
				7C531EC827344D54B8EA9B68 /* SystemConfiguration.framework */,
				790E5D572A2344858F5B1740 /* libz.tbd */,
				CADFBAEE42FE4D7EA381607D /* libz.dylib */,
				FB13B0D2BCA04749A0F7A868 /* WebKit.framework */,
				F32454068A3043EDB59B4A6D /* MediaPlayer.framework */,
			);
			name = Frameworks;
			sourceTree = "<group>";
		};
		301BF52E109A57CC0062928A /* Products */ = {
			isa = PBXGroup;
			children = (
				301BF535109A57CC0062928A /* libCordova.a */,
				2454F57E234065A1001FE393 /* Cordova.framework */,
			);
			name = Products;
			sourceTree = "<group>";
		};
		3047A50E1AB8057F00498E2A /* config */ = {
			isa = PBXGroup;
			children = (
				3047A50F1AB8059700498E2A /* build-debug.xcconfig */,
				3047A5101AB8059700498E2A /* build-release.xcconfig */,
				3047A5111AB8059700498E2A /* build.xcconfig */,
			);
			name = config;
			sourceTree = "<group>";
		};
		307C750510C5A3420062BCA9 /* Plugins */ = {
			isa = PBXGroup;
			children = (
				BC98054BC64E452D9522AD7D /* CDVDevice.m */,
				48A05DC6AA5D4E62A28CC0BD /* CDVDevice.h */,
				2B40C7F079494580874A01FB /* FacebookConnectPlugin.m */,
				A5174BA57FD6409B9EB08CB8 /* FacebookConnectPlugin.h */,
				9482F0EF3EF649438A3937C3 /* GooglePlus.m */,
				735C8A3FF7E14AE7A7E52353 /* GooglePlus.h */,
				D6C38D48B87D48CBAA1AE873 /* CDVIonicKeyboard.m */,
				97B037EAC4FC4212A36021AC /* CDVIonicKeyboard.h */,
				3D506FEBEF884B57BF0212D6 /* CDVWKWebViewEngine.m */,
				0DCDBB51724A4668A08E4F43 /* CDVWKWebViewUIDelegate.m */,
				11F78853540348599664A53D /* CDVWKProcessPoolFactory.m */,
				262DD8BA5CD847FFA3669B9F /* IONAssetHandler.m */,
				FB2E29E59CA04A4B9EBBB2B5 /* GCDWebServer.m */,
				0C6FF102D1834867B1BA6534 /* GCDWebServerConnection.m */,
				1ADFAA6A23DC41AFAC73C089 /* GCDWebServerFunctions.m */,
				D464B57E20EF407D9719FA83 /* GCDWebServerRequest.m */,
				337D14A223524365B968B5F4 /* GCDWebServerResponse.m */,
				35AB2CCF252C4392BCD31270 /* GCDWebServerDataRequest.m */,
				316893B10BEA4B3B9169BC64 /* GCDWebServerFileRequest.m */,
				992C551C9AF748A3B82AA847 /* GCDWebServerMultiPartFormRequest.m */,
				BBD73061B05540B2B0C93B84 /* GCDWebServerURLEncodedFormRequest.m */,
				3B83F9419A944F538FE0B075 /* GCDWebServerDataResponse.m */,
				302122A2A48D48449DD5F889 /* GCDWebServerErrorResponse.m */,
				343759F3C6B7420292C3CB8D /* GCDWebServerFileResponse.m */,
				801B9535DBB34D1FA36C9CD0 /* GCDWebServerStreamedResponse.m */,
				119452D9553E4C8499107606 /* CDVWKWebViewEngine.h */,
				38C7D63C69D04E1F99D413FB /* CDVWKWebViewUIDelegate.h */,
				90AA79A383654FB6A3AC40CD /* CDVWKProcessPoolFactory.h */,
				33915507E0D042D3BA93B43E /* IONAssetHandler.h */,
				F4B0651C7C574AF980EEC5F0 /* GCDWebServer.h */,
				E681971C10C84B358A15C2B8 /* GCDWebServerConnection.h */,
				D8E1B9DC61804AB2A22F75D5 /* GCDWebServerFunctions.h */,
				25847DBF32904E958A83688E /* GCDWebServerHTTPStatusCodes.h */,
				33CCEE217FB741248F54E677 /* GCDWebServerPrivate.h */,
				D08E11054FA24C8A8CD0E53F /* GCDWebServerRequest.h */,
				3F2423A39FBA4213951613EE /* GCDWebServerResponse.h */,
				7783350A0A4B46788DAF37B3 /* GCDWebServerDataRequest.h */,
				B8B943C51B374225B4348C4F /* GCDWebServerFileRequest.h */,
				7DAA420CC13046F0AA9243F7 /* GCDWebServerMultiPartFormRequest.h */,
				774A8085CA014CFFB0215379 /* GCDWebServerURLEncodedFormRequest.h */,
				932A58D303664F1BAC956A03 /* GCDWebServerDataResponse.h */,
				77B3F132FBA54DD3BE049B8E /* GCDWebServerErrorResponse.h */,
				487C51B75E7B45C4AF795D76 /* GCDWebServerFileResponse.h */,
				254AB71D7A2B4579A393DF20 /* GCDWebServerStreamedResponse.h */,
				4044D954D98A4BC4A1DAAA6A /* NativeStorage.m */,
				676F4681B77C40A89C385590 /* NativeStorage.h */,
				05B930D7E9DD4B49B9E8800B /* CDVSplashScreen.m */,
				675A68222AD04FAC9D7BB314 /* CDVViewController+SplashScreen.m */,
				D6F39270B1454E2FA2BCE9B1 /* CDVSplashScreen.h */,
				34B30BEA322B4F82BC507AA2 /* CDVViewController+SplashScreen.h */,
				593EBF6A1056401DB0D466A6 /* CDVStatusBar.m */,
				04D42C61A05643869CC3752A /* CDVStatusBar.h */,
				FE8FC324C63E4C328F750E65 /* StreamingMedia.m */,
				A7FCA2C95A2C4D4295050EA6 /* LandscapeVideo.m */,
				A07BC70574394398AA62CB79 /* PortraitVideo.m */,
				131C55E222CE488ABB7EE9A5 /* StreamingMedia.h */,
				FF5485CC624142FD91E970F1 /* LandscapeVideo.h */,
				656461AAEE7042A68A50E202 /* PortraitVideo.h */,
			);
			name = Plugins;
			path = com.tgm_ionic/Plugins;
			sourceTree = SOURCE_ROOT;
		};
		EB87FDF11871DA420020F90C /* Staging */ = {
			isa = PBXGroup;
			children = (
				F840E1F0165FE0F500CFE078 /* config.xml */,
				301BF56E109A69640062928A /* www */,
			);
			name = Staging;
			sourceTree = "<group>";
		};
/* End PBXGroup section */

/* Begin PBXNativeTarget section */
		1D6058900D05DD3D006BFB54 /* com.tgm_ionic */ = {
			isa = PBXNativeTarget;
			buildConfigurationList = 1D6058960D05DD3E006BFB54 /* Build configuration list for PBXNativeTarget "com.tgm_ionic" */;
			buildPhases = (
				304B58A110DAC018002A0835 /* Copy www directory */,
				1D60588D0D05DD3D006BFB54 /* Resources */,
				1D60588E0D05DD3D006BFB54 /* Sources */,
				1D60588F0D05DD3D006BFB54 /* Frameworks */,
			);
			buildRules = (
			);
			dependencies = (
				301BF551109A68C00062928A /* PBXTargetDependency */,
			);
			name = com.tgm_ionic;
			productName = com.tgm_ionic;
			productReference = 1D6058910D05DD3D006BFB54 /* com.tgm_ionic.app */;
			productType = "com.apple.product-type.application";
		};
/* End PBXNativeTarget section */

/* Begin PBXProject section */
		29B97313FDCFA39411CA2CEA /* Project object */ = {
			isa = PBXProject;
			attributes = {
				LastUpgradeCheck = 510;
				TargetAttributes = {
					1D6058900D05DD3D006BFB54 = {
						DevelopmentTeam = BLTMUSG4HD;
					};
				};
			};
			buildConfigurationList = C01FCF4E08A954540054247B /* Build configuration list for PBXProject "com.tgm_ionic" */;
			compatibilityVersion = "Xcode 3.2";
			developmentRegion = English;
			hasScannedForEncodings = 1;
			knownRegions = (
				English,
				en,
				Base,
			);
			mainGroup = 29B97314FDCFA39411CA2CEA /* CustomTemplate */;
			projectDirPath = "";
			projectReferences = (
				{
					ProductGroup = 301BF52E109A57CC0062928A /* Products */;
					ProjectRef = 301BF52D109A57CC0062928A /* CordovaLib/CordovaLib.xcodeproj */;
				},
			);
			projectRoot = "";
			targets = (
				1D6058900D05DD3D006BFB54 /* com.tgm_ionic */,
			);
		};
/* End PBXProject section */

/* Begin PBXReferenceProxy section */
		2454F57E234065A1001FE393 /* Cordova.framework */ = {
			isa = PBXReferenceProxy;
			fileType = wrapper.framework;
			path = Cordova.framework;
			remoteRef = 2454F57D234065A1001FE393 /* PBXContainerItemProxy */;
			sourceTree = BUILT_PRODUCTS_DIR;
		};
		301BF535109A57CC0062928A /* libCordova.a */ = {
			isa = PBXReferenceProxy;
			fileType = archive.ar;
			path = libCordova.a;
			remoteRef = 301BF534109A57CC0062928A /* PBXContainerItemProxy */;
			sourceTree = BUILT_PRODUCTS_DIR;
		};
/* End PBXReferenceProxy section */

/* Begin PBXResourcesBuildPhase section */
		1D60588D0D05DD3D006BFB54 /* Resources */ = {
			isa = PBXResourcesBuildPhase;
			buildActionMask = 2147483647;
			files = (
				302D95F214D2391D003F00A1 /* MainViewController.xib in Resources */,
				0207DA581B56EA530066E2B4 /* Images.xcassets in Resources */,
				6AFF5BF91D6E424B00AB3073 /* CDVLaunchScreen.storyboard in Resources */,
			);
			runOnlyForDeploymentPostprocessing = 0;
		};
/* End PBXResourcesBuildPhase section */

/* Begin PBXShellScriptBuildPhase section */
		304B58A110DAC018002A0835 /* Copy www directory */ = {
			isa = PBXShellScriptBuildPhase;
			buildActionMask = 2147483647;
			files = (
			);
			inputPaths = (
			);
			name = "Copy www directory";
			outputPaths = (
			);
			runOnlyForDeploymentPostprocessing = 0;
			shellPath = /bin/sh;
			shellScript = "NODEJS_PATH=/usr/local/bin; NVM_NODE_PATH=~/.nvm/versions/node/`nvm version 2>/dev/null`/bin; N_NODE_PATH=`find /usr/local/n/versions/node/* -maxdepth 0 -type d 2>/dev/null | tail -1`/bin; XCODE_NODE_PATH=`xcode-select --print-path`/usr/share/xcs/Node/bin; PATH=$NODEJS_PATH:$NVM_NODE_PATH:$N_NODE_PATH:$XCODE_NODE_PATH:$PATH && node cordova/lib/copy-www-build-step.js";
			showEnvVarsInLog = 0;
		};
/* End PBXShellScriptBuildPhase section */

/* Begin PBXSourcesBuildPhase section */
		1D60588E0D05DD3D006BFB54 /* Sources */ = {
			isa = PBXSourcesBuildPhase;
			buildActionMask = 2147483647;
			files = (
				1D60589B0D05DD56006BFB54 /* main.m in Sources */,
				1D3623260D0F684500981E51 /* AppDelegate.m in Sources */,
				302D95F114D2391D003F00A1 /* MainViewController.m in Sources */,
				B0BE1DB4DEE04460B4DAF81B /* CDVDevice.m in Sources */,
				4D66603B6AF44FF591A70835 /* FacebookConnectPlugin.m in Sources */,
				36A2E9BC40C54B63B304F588 /* GooglePlus.m in Sources */,
				19D022B34ECC465EB4E6AB54 /* CDVIonicKeyboard.m in Sources */,
				F5CA0B421D7D4E2E85E3BA54 /* CDVWKWebViewEngine.m in Sources */,
				E33522FF6F8D46A493966E19 /* CDVWKWebViewUIDelegate.m in Sources */,
				A42A9915D0E6416A89296921 /* CDVWKProcessPoolFactory.m in Sources */,
				BB99607A4B104D28918634CF /* IONAssetHandler.m in Sources */,
				8A1949461A094D6F8DD790B3 /* GCDWebServer.m in Sources */,
				2C7568AC318A457F90BD0F2D /* GCDWebServerConnection.m in Sources */,
				71EA0B0A47DF40F18DDAE353 /* GCDWebServerFunctions.m in Sources */,
				F671540A2DAC4C158862DE85 /* GCDWebServerRequest.m in Sources */,
				B60A998914754EC38FC77888 /* GCDWebServerResponse.m in Sources */,
				B34953D528644C0AB69B4605 /* GCDWebServerDataRequest.m in Sources */,
				470CF973483946B7825CEEE8 /* GCDWebServerFileRequest.m in Sources */,
				378693AB42F04E1487E891BD /* GCDWebServerMultiPartFormRequest.m in Sources */,
				7B60838B1ECD4124B909E4CF /* GCDWebServerURLEncodedFormRequest.m in Sources */,
				88E7FF6509DB4FFE8F0D0BB2 /* GCDWebServerDataResponse.m in Sources */,
				E6D9A863C29B43CDA2940812 /* GCDWebServerErrorResponse.m in Sources */,
				AACAE6C21835457A911649FE /* GCDWebServerFileResponse.m in Sources */,
				BA67481026424D65B23D7D10 /* GCDWebServerStreamedResponse.m in Sources */,
				B4B6AFCF563A4110824E6A7D /* NativeStorage.m in Sources */,
				8113764CFCA44570BC9E1885 /* CDVSplashScreen.m in Sources */,
				E23A053C99E34A789ED5F1E6 /* CDVViewController+SplashScreen.m in Sources */,
				AABDA8C04B984A11AA4201D2 /* CDVStatusBar.m in Sources */,
				1A74DCBD13A44B50A1FEB5A7 /* StreamingMedia.m in Sources */,
				2289424C1E134B89A26C493D /* LandscapeVideo.m in Sources */,
				A06812A42C5146379E915AA2 /* PortraitVideo.m in Sources */,
			);
			runOnlyForDeploymentPostprocessing = 0;
		};
/* End PBXSourcesBuildPhase section */

/* Begin PBXTargetDependency section */
		301BF551109A68C00062928A /* PBXTargetDependency */ = {
			isa = PBXTargetDependency;
			name = CordovaLib;
			targetProxy = 301BF550109A68C00062928A /* PBXContainerItemProxy */;
		};
/* End PBXTargetDependency section */

/* Begin XCBuildConfiguration section */
		1D6058940D05DD3E006BFB54 /* Debug */ = {
			isa = XCBuildConfiguration;
			baseConfigurationReference = 3047A50F1AB8059700498E2A /* build-debug.xcconfig */;
			buildSettings = {
				ALWAYS_SEARCH_USER_PATHS = NO;
				ASSETCATALOG_COMPILER_APPICON_NAME = AppIcon;
				ASSETCATALOG_COMPILER_LAUNCHIMAGE_NAME = LaunchImage;
				CLANG_ENABLE_MODULES = YES;
				CLANG_ENABLE_OBJC_ARC = YES;
				COPY_PHASE_STRIP = NO;
				DEVELOPMENT_TEAM = BLTMUSG4HD;
				FRAMEWORK_SEARCH_PATHS = (
					"$(inherited)",
					"\"com.tgm_ionic/Plugins/cordova-plugin-facebook4\"",
					"\"com.tgm_ionic/Plugins/cordova-plugin-facebook4\"",
					"\"com.tgm_ionic/Plugins/cordova-plugin-facebook4\"",
					"\"com.tgm_ionic/Plugins/cordova-plugin-facebook4\"",
					"\"com.tgm_ionic/Plugins/cordova-plugin-googleplus\"",
					"\"com.tgm_ionic/Plugins/cordova-plugin-googleplus\"",
					"\"com.tgm_ionic/Plugins/cordova-plugin-googleplus\"",
					"\"com.tgm_ionic/Plugins/cordova-plugin-googleplus\"",
					"\"com.tgm_ionic/Plugins/cordova-plugin-googleplus\"",
					"\"com.tgm_ionic/Plugins/cordova-plugin-googleplus\"",
				);
				GCC_DYNAMIC_NO_PIC = NO;
				GCC_OPTIMIZATION_LEVEL = 0;
				GCC_PRECOMPILE_PREFIX_HEADER = YES;
				GCC_PREFIX_HEADER = "com.tgm_ionic/com.tgm_ionic-Prefix.pch";
				GCC_THUMB_SUPPORT = NO;
				GCC_VERSION = "";
				INFOPLIST_FILE = "com.tgm_ionic/com.tgm_ionic-Info.plist";
				IPHONEOS_DEPLOYMENT_TARGET = 9.0;
				LD_RUNPATH_SEARCH_PATHS = "@executable_path/Frameworks";
				PRODUCT_NAME = com.tgm_ionic;
				TARGETED_DEVICE_FAMILY = "1,2";
			};
			name = Debug;
		};
		1D6058950D05DD3E006BFB54 /* Release */ = {
			isa = XCBuildConfiguration;
			baseConfigurationReference = 3047A5101AB8059700498E2A /* build-release.xcconfig */;
			buildSettings = {
				ALWAYS_SEARCH_USER_PATHS = NO;
				ASSETCATALOG_COMPILER_APPICON_NAME = AppIcon;
				ASSETCATALOG_COMPILER_LAUNCHIMAGE_NAME = LaunchImage;
				CLANG_ENABLE_MODULES = YES;
				CLANG_ENABLE_OBJC_ARC = YES;
				COPY_PHASE_STRIP = YES;
				DEVELOPMENT_TEAM = BLTMUSG4HD;
				FRAMEWORK_SEARCH_PATHS = (
					"$(inherited)",
					"\"com.tgm_ionic/Plugins/cordova-plugin-facebook4\"",
					"\"com.tgm_ionic/Plugins/cordova-plugin-facebook4\"",
					"\"com.tgm_ionic/Plugins/cordova-plugin-facebook4\"",
					"\"com.tgm_ionic/Plugins/cordova-plugin-facebook4\"",
					"\"com.tgm_ionic/Plugins/cordova-plugin-googleplus\"",
					"\"com.tgm_ionic/Plugins/cordova-plugin-googleplus\"",
					"\"com.tgm_ionic/Plugins/cordova-plugin-googleplus\"",
					"\"com.tgm_ionic/Plugins/cordova-plugin-googleplus\"",
					"\"com.tgm_ionic/Plugins/cordova-plugin-googleplus\"",
					"\"com.tgm_ionic/Plugins/cordova-plugin-googleplus\"",
				);
				GCC_PRECOMPILE_PREFIX_HEADER = YES;
				GCC_PREFIX_HEADER = "com.tgm_ionic/com.tgm_ionic-Prefix.pch";
				GCC_THUMB_SUPPORT = NO;
				GCC_VERSION = "";
				INFOPLIST_FILE = "com.tgm_ionic/com.tgm_ionic-Info.plist";
				IPHONEOS_DEPLOYMENT_TARGET = 9.0;
				LD_RUNPATH_SEARCH_PATHS = "@executable_path/Frameworks";
				PRODUCT_NAME = com.tgm_ionic;
				TARGETED_DEVICE_FAMILY = "1,2";
			};
			name = Release;
		};
		C01FCF4F08A954540054247B /* Debug */ = {
			isa = XCBuildConfiguration;
			baseConfigurationReference = 3047A5111AB8059700498E2A /* build.xcconfig */;
			buildSettings = {
				CLANG_ENABLE_MODULES = YES;
				CLANG_ENABLE_OBJC_ARC = YES;
				CLANG_WARN_BOOL_CONVERSION = YES;
				CLANG_WARN_CONSTANT_CONVERSION = YES;
				CLANG_WARN_EMPTY_BODY = YES;
				CLANG_WARN_ENUM_CONVERSION = YES;
				CLANG_WARN_INT_CONVERSION = YES;
				CLANG_WARN__DUPLICATE_METHOD_MATCH = YES;
				GCC_C_LANGUAGE_STANDARD = c99;
				GCC_THUMB_SUPPORT = NO;
				GCC_VERSION = "";
				GCC_WARN_ABOUT_RETURN_TYPE = YES;
				GCC_WARN_UNDECLARED_SELECTOR = YES;
				GCC_WARN_UNINITIALIZED_AUTOS = YES;
				GCC_WARN_UNUSED_FUNCTION = YES;
				GCC_WARN_UNUSED_VARIABLE = YES;
				ONLY_ACTIVE_ARCH = YES;
				SDKROOT = iphoneos;
				SKIP_INSTALL = NO;
			};
			name = Debug;
		};
		C01FCF5008A954540054247B /* Release */ = {
			isa = XCBuildConfiguration;
			baseConfigurationReference = 3047A5111AB8059700498E2A /* build.xcconfig */;
			buildSettings = {
				CLANG_ENABLE_MODULES = YES;
				CLANG_ENABLE_OBJC_ARC = YES;
				CLANG_WARN_BOOL_CONVERSION = YES;
				CLANG_WARN_CONSTANT_CONVERSION = YES;
				CLANG_WARN_EMPTY_BODY = YES;
				CLANG_WARN_ENUM_CONVERSION = YES;
				CLANG_WARN_INT_CONVERSION = YES;
				CLANG_WARN__DUPLICATE_METHOD_MATCH = YES;
				GCC_C_LANGUAGE_STANDARD = c99;
				GCC_THUMB_SUPPORT = NO;
				GCC_VERSION = "";
				GCC_WARN_ABOUT_RETURN_TYPE = YES;
				GCC_WARN_UNDECLARED_SELECTOR = YES;
				GCC_WARN_UNINITIALIZED_AUTOS = YES;
				GCC_WARN_UNUSED_FUNCTION = YES;
				GCC_WARN_UNUSED_VARIABLE = YES;
				SDKROOT = iphoneos;
				SKIP_INSTALL = NO;
			};
			name = Release;
		};
/* End XCBuildConfiguration section */

/* Begin XCConfigurationList section */
		1D6058960D05DD3E006BFB54 /* Build configuration list for PBXNativeTarget "com.tgm_ionic" */ = {
			isa = XCConfigurationList;
			buildConfigurations = (
				1D6058940D05DD3E006BFB54 /* Debug */,
				1D6058950D05DD3E006BFB54 /* Release */,
			);
			defaultConfigurationIsVisible = 0;
			defaultConfigurationName = Release;
		};
		C01FCF4E08A954540054247B /* Build configuration list for PBXProject "com.tgm_ionic" */ = {
			isa = XCConfigurationList;
			buildConfigurations = (
				C01FCF4F08A954540054247B /* Debug */,
				C01FCF5008A954540054247B /* Release */,
			);
			defaultConfigurationIsVisible = 0;
			defaultConfigurationName = Release;
		};
/* End XCConfigurationList section */
	};
	rootObject = 29B97313FDCFA39411CA2CEA /* Project object */;
}
